<?xml version="1.0" encoding="utf-8"?>
<Project ToolsVersion="4.0" xmlns="http://schemas.microsoft.com/developer/msbuild/2003">
  <ItemGroup>
    <Filter Include="Source Files">
      <UniqueIdentifier>{01ed23fd-6143-4d9e-ad53-b3071c34a9ab}</UniqueIdentifier>
    </Filter>
    <Filter Include="Generated Files">
      <UniqueIdentifier>{9f23e0ce-877a-4f56-b7ce-137e37533c9e}</UniqueIdentifier>
      <SourceControlFiles>False</SourceControlFiles>
    </Filter>
  </ItemGroup>
  <ItemGroup>
    <None Include="exercise3_1ps.def" />
  </ItemGroup>
  <ItemGroup>
    <ClCompile Include="exercise3_1_i.c">
      <Filter>Generated Files</Filter>
    </ClCompile>
    <ClCompile Include="exercise3_1_p.c">
      <Filter>Generated Files</Filter>
    </ClCompile>
    <ClCompile Include="dlldata.c">
      <Filter>Generated Files</Filter>
    </ClCompile>
  </ItemGroup>
</Project>