
Microsoft Visual Studio Solution File, Format Version 12.00
# Visual Studio 14
VisualStudioVersion = 14.0.25420.1
MinimumVisualStudioVersion = 10.0.40219.1
Project("{FAE04EC0-301F-11D3-BF4B-00C04F79EFBC}") = "ApplicationDuckSitePointLab.Android", "ApplicationDuckSitePointLab\ApplicationDuckSitePointLab.Android\ApplicationDuckSitePointLab.Android.csproj", "{2A7F0C13-AEA8-47EC-A6E9-E6385E8C861D}"
EndProject
Project("{FAE04EC0-301F-11D3-BF4B-00C04F79EFBC}") = "ApplicationDuckSitePointLab", "ApplicationDuckSitePointLab\ApplicationDuckSitePointLab\ApplicationDuckSitePointLab.csproj", "{11F6BBFD-2388-4452-9A82-02FD9AEBD814}"
EndProject
Project("{FAE04EC0-301F-11D3-BF4B-00C04F79EFBC}") = "ApplicationDuckSitePointLab.UWP", "ApplicationDuckSitePointLab\ApplicationDuckSitePointLab.UWP\ApplicationDuckSitePointLab.UWP.csproj", "{B9062A02-BDF1-499A-99B0-099347CFE4AD}"
EndProject
Project("{FAE04EC0-301F-11D3-BF4B-00C04F79EFBC}") = "ApplicationDuckSitePointLab.iOS", "ApplicationDuckSitePointLab\ApplicationDuckSitePointLab.iOS\ApplicationDuckSitePointLab.iOS.csproj", "{E84B5EEE-D8DE-4125-A6EF-D4C4D0E22E0D}"
EndProject
Global
	GlobalSection(SolutionConfigurationPlatforms) = preSolution
		Ad-Hoc|Any CPU = Ad-Hoc|Any CPU
		Ad-Hoc|ARM = Ad-Hoc|ARM
		Ad-Hoc|iPhone = Ad-Hoc|iPhone
		Ad-Hoc|iPhoneSimulator = Ad-Hoc|iPhoneSimulator
		Ad-Hoc|x64 = Ad-Hoc|x64
		Ad-Hoc|x86 = Ad-Hoc|x86
		AppStore|Any CPU = AppStore|Any CPU
		AppStore|ARM = AppStore|ARM
		AppStore|iPhone = AppStore|iPhone
		AppStore|iPhoneSimulator = AppStore|iPhoneSimulator
		AppStore|x64 = AppStore|x64
		AppStore|x86 = AppStore|x86
		Debug|Any CPU = Debug|Any CPU
		Debug|ARM = Debug|ARM
		Debug|iPhone = Debug|iPhone
		Debug|iPhoneSimulator = Debug|iPhoneSimulator
		Debug|x64 = Debug|x64
		Debug|x86 = Debug|x86
		Release|Any CPU = Release|Any CPU
		Release|ARM = Release|ARM
		Release|iPhone = Release|iPhone
		Release|iPhoneSimulator = Release|iPhoneSimulator
		Release|x64 = Release|x64
		Release|x86 = Release|x86
	EndGlobalSection
	GlobalSection(ProjectConfigurationPlatforms) = postSolution
		{2A7F0C13-AEA8-47EC-A6E9-E6385E8C861D}.Ad-Hoc|Any CPU.ActiveCfg = Release|Any CPU
		{2A7F0C13-AEA8-47EC-A6E9-E6385E8C861D}.Ad-Hoc|Any CPU.Build.0 = Release|Any CPU
		{2A7F0C13-AEA8-47EC-A6E9-E6385E8C861D}.Ad-Hoc|Any CPU.Deploy.0 = Release|Any CPU
		{2A7F0C13-AEA8-47EC-A6E9-E6385E8C861D}.Ad-Hoc|ARM.ActiveCfg = Release|Any CPU
		{2A7F0C13-AEA8-47EC-A6E9-E6385E8C861D}.Ad-Hoc|ARM.Build.0 = Release|Any CPU
		{2A7F0C13-AEA8-47EC-A6E9-E6385E8C861D}.Ad-Hoc|ARM.Deploy.0 = Release|Any CPU
		{2A7F0C13-AEA8-47EC-A6E9-E6385E8C861D}.Ad-Hoc|iPhone.ActiveCfg = Release|Any CPU
		{2A7F0C13-AEA8-47EC-A6E9-E6385E8C861D}.Ad-Hoc|iPhone.Build.0 = Release|Any CPU
		{2A7F0C13-AEA8-47EC-A6E9-E6385E8C861D}.Ad-Hoc|iPhone.Deploy.0 = Release|Any CPU
		{2A7F0C13-AEA8-47EC-A6E9-E6385E8C861D}.Ad-Hoc|iPhoneSimulator.ActiveCfg = Release|Any CPU
		{2A7F0C13-AEA8-47EC-A6E9-E6385E8C861D}.Ad-Hoc|iPhoneSimulator.Build.0 = Release|Any CPU
		{2A7F0C13-AEA8-47EC-A6E9-E6385E8C861D}.Ad-Hoc|iPhoneSimulator.Deploy.0 = Release|Any CPU
		{2A7F0C13-AEA8-47EC-A6E9-E6385E8C861D}.Ad-Hoc|x64.ActiveCfg = Release|Any CPU
		{2A7F0C13-AEA8-47EC-A6E9-E6385E8C861D}.Ad-Hoc|x64.Build.0 = Release|Any CPU
		{2A7F0C13-AEA8-47EC-A6E9-E6385E8C861D}.Ad-Hoc|x64.Deploy.0 = Release|Any CPU
		{2A7F0C13-AEA8-47EC-A6E9-E6385E8C861D}.Ad-Hoc|x86.ActiveCfg = Release|Any CPU
		{2A7F0C13-AEA8-47EC-A6E9-E6385E8C861D}.Ad-Hoc|x86.Build.0 = Release|Any CPU
		{2A7F0C13-AEA8-47EC-A6E9-E6385E8C861D}.Ad-Hoc|x86.Deploy.0 = Release|Any CPU
		{2A7F0C13-AEA8-47EC-A6E9-E6385E8C861D}.AppStore|Any CPU.ActiveCfg = Release|Any CPU
		{2A7F0C13-AEA8-47EC-A6E9-E6385E8C861D}.AppStore|Any CPU.Build.0 = Release|Any CPU
		{2A7F0C13-AEA8-47EC-A6E9-E6385E8C861D}.AppStore|Any CPU.Deploy.0 = Release|Any CPU
		{2A7F0C13-AEA8-47EC-A6E9-E6385E8C861D}.AppStore|ARM.ActiveCfg = Release|Any CPU
		{2A7F0C13-AEA8-47EC-A6E9-E6385E8C861D}.AppStore|ARM.Build.0 = Release|Any CPU
		{2A7F0C13-AEA8-47EC-A6E9-E6385E8C861D}.AppStore|ARM.Deploy.0 = Release|Any CPU
		{2A7F0C13-AEA8-47EC-A6E9-E6385E8C861D}.AppStore|iPhone.ActiveCfg = Release|Any CPU
		{2A7F0C13-AEA8-47EC-A6E9-E6385E8C861D}.AppStore|iPhone.Build.0 = Release|Any CPU
		{2A7F0C13-AEA8-47EC-A6E9-E6385E8C861D}.AppStore|iPhone.Deploy.0 = Release|Any CPU
		{2A7F0C13-AEA8-47EC-A6E9-E6385E8C861D}.AppStore|iPhoneSimulator.ActiveCfg = Release|Any CPU
		{2A7F0C13-AEA8-47EC-A6E9-E6385E8C861D}.AppStore|iPhoneSimulator.Build.0 = Release|Any CPU
		{2A7F0C13-AEA8-47EC-A6E9-E6385E8C861D}.AppStore|iPhoneSimulator.Deploy.0 = Release|Any CPU
		{2A7F0C13-AEA8-47EC-A6E9-E6385E8C861D}.AppStore|x64.ActiveCfg = Release|Any CPU
		{2A7F0C13-AEA8-47EC-A6E9-E6385E8C861D}.AppStore|x64.Build.0 = Release|Any CPU
		{2A7F0C13-AEA8-47EC-A6E9-E6385E8C861D}.AppStore|x64.Deploy.0 = Release|Any CPU
		{2A7F0C13-AEA8-47EC-A6E9-E6385E8C861D}.AppStore|x86.ActiveCfg = Release|Any CPU
		{2A7F0C13-AEA8-47EC-A6E9-E6385E8C861D}.AppStore|x86.Build.0 = Release|Any CPU
		{2A7F0C13-AEA8-47EC-A6E9-E6385E8C861D}.AppStore|x86.Deploy.0 = Release|Any CPU
		{2A7F0C13-AEA8-47EC-A6E9-E6385E8C861D}.Debug|Any CPU.ActiveCfg = Debug|Any CPU
		{2A7F0C13-AEA8-47EC-A6E9-E6385E8C861D}.Debug|Any CPU.Build.0 = Debug|Any CPU
		{2A7F0C13-AEA8-47EC-A6E9-E6385E8C861D}.Debug|Any CPU.Deploy.0 = Debug|Any CPU
		{2A7F0C13-AEA8-47EC-A6E9-E6385E8C861D}.Debug|ARM.ActiveCfg = Debug|Any CPU
		{2A7F0C13-AEA8-47EC-A6E9-E6385E8C861D}.Debug|ARM.Build.0 = Debug|Any CPU
		{2A7F0C13-AEA8-47EC-A6E9-E6385E8C861D}.Debug|ARM.Deploy.0 = Debug|Any CPU
		{2A7F0C13-AEA8-47EC-A6E9-E6385E8C861D}.Debug|iPhone.ActiveCfg = Debug|Any CPU
		{2A7F0C13-AEA8-47EC-A6E9-E6385E8C861D}.Debug|iPhone.Build.0 = Debug|Any CPU
		{2A7F0C13-AEA8-47EC-A6E9-E6385E8C861D}.Debug|iPhone.Deploy.0 = Debug|Any CPU
		{2A7F0C13-AEA8-47EC-A6E9-E6385E8C861D}.Debug|iPhoneSimulator.ActiveCfg = Debug|Any CPU
		{2A7F0C13-AEA8-47EC-A6E9-E6385E8C861D}.Debug|iPhoneSimulator.Build.0 = Debug|Any CPU
		{2A7F0C13-AEA8-47EC-A6E9-E6385E8C861D}.Debug|iPhoneSimulator.Deploy.0 = Debug|Any CPU
		{2A7F0C13-AEA8-47EC-A6E9-E6385E8C861D}.Debug|x64.ActiveCfg = Debug|Any CPU
		{2A7F0C13-AEA8-47EC-A6E9-E6385E8C861D}.Debug|x64.Build.0 = Debug|Any CPU
		{2A7F0C13-AEA8-47EC-A6E9-E6385E8C861D}.Debug|x64.Deploy.0 = Debug|Any CPU
		{2A7F0C13-AEA8-47EC-A6E9-E6385E8C861D}.Debug|x86.ActiveCfg = Debug|Any CPU
		{2A7F0C13-AEA8-47EC-A6E9-E6385E8C861D}.Debug|x86.Build.0 = Debug|Any CPU
		{2A7F0C13-AEA8-47EC-A6E9-E6385E8C861D}.Debug|x86.Deploy.0 = Debug|Any CPU
		{2A7F0C13-AEA8-47EC-A6E9-E6385E8C861D}.Release|Any CPU.ActiveCfg = Release|Any CPU
		{2A7F0C13-AEA8-47EC-A6E9-E6385E8C861D}.Release|Any CPU.Build.0 = Release|Any CPU
		{2A7F0C13-AEA8-47EC-A6E9-E6385E8C861D}.Release|Any CPU.Deploy.0 = Release|Any CPU
		{2A7F0C13-AEA8-47EC-A6E9-E6385E8C861D}.Release|ARM.ActiveCfg = Release|Any CPU
		{2A7F0C13-AEA8-47EC-A6E9-E6385E8C861D}.Release|ARM.Build.0 = Release|Any CPU
		{2A7F0C13-AEA8-47EC-A6E9-E6385E8C861D}.Release|ARM.Deploy.0 = Release|Any CPU
		{2A7F0C13-AEA8-47EC-A6E9-E6385E8C861D}.Release|iPhone.ActiveCfg = Release|Any CPU
		{2A7F0C13-AEA8-47EC-A6E9-E6385E8C861D}.Release|iPhone.Build.0 = Release|Any CPU
		{2A7F0C13-AEA8-47EC-A6E9-E6385E8C861D}.Release|iPhone.Deploy.0 = Release|Any CPU
		{2A7F0C13-AEA8-47EC-A6E9-E6385E8C861D}.Release|iPhoneSimulator.ActiveCfg = Release|Any CPU
		{2A7F0C13-AEA8-47EC-A6E9-E6385E8C861D}.Release|iPhoneSimulator.Build.0 = Release|Any CPU
		{2A7F0C13-AEA8-47EC-A6E9-E6385E8C861D}.Release|iPhoneSimulator.Deploy.0 = Release|Any CPU
		{2A7F0C13-AEA8-47EC-A6E9-E6385E8C861D}.Release|x64.ActiveCfg = Release|Any CPU
		{2A7F0C13-AEA8-47EC-A6E9-E6385E8C861D}.Release|x64.Build.0 = Release|Any CPU
		{2A7F0C13-AEA8-47EC-A6E9-E6385E8C861D}.Release|x64.Deploy.0 = Release|Any CPU
		{2A7F0C13-AEA8-47EC-A6E9-E6385E8C861D}.Release|x86.ActiveCfg = Release|Any CPU
		{2A7F0C13-AEA8-47EC-A6E9-E6385E8C861D}.Release|x86.Build.0 = Release|Any CPU
		{2A7F0C13-AEA8-47EC-A6E9-E6385E8C861D}.Release|x86.Deploy.0 = Release|Any CPU
		{11F6BBFD-2388-4452-9A82-02FD9AEBD814}.Ad-Hoc|Any CPU.ActiveCfg = Release|Any CPU
		{11F6BBFD-2388-4452-9A82-02FD9AEBD814}.Ad-Hoc|Any CPU.Build.0 = Release|Any CPU
		{11F6BBFD-2388-4452-9A82-02FD9AEBD814}.Ad-Hoc|ARM.ActiveCfg = Release|Any CPU
		{11F6BBFD-2388-4452-9A82-02FD9AEBD814}.Ad-Hoc|ARM.Build.0 = Release|Any CPU
		{11F6BBFD-2388-4452-9A82-02FD9AEBD814}.Ad-Hoc|iPhone.ActiveCfg = Release|Any CPU
		{11F6BBFD-2388-4452-9A82-02FD9AEBD814}.Ad-Hoc|iPhone.Build.0 = Release|Any CPU
		{11F6BBFD-2388-4452-9A82-02FD9AEBD814}.Ad-Hoc|iPhoneSimulator.ActiveCfg = Release|Any CPU
		{11F6BBFD-2388-4452-9A82-02FD9AEBD814}.Ad-Hoc|iPhoneSimulator.Build.0 = Release|Any CPU
		{11F6BBFD-2388-4452-9A82-02FD9AEBD814}.Ad-Hoc|x64.ActiveCfg = Release|Any CPU
		{11F6BBFD-2388-4452-9A82-02FD9AEBD814}.Ad-Hoc|x64.Build.0 = Release|Any CPU
		{11F6BBFD-2388-4452-9A82-02FD9AEBD814}.Ad-Hoc|x86.ActiveCfg = Release|Any CPU
		{11F6BBFD-2388-4452-9A82-02FD9AEBD814}.Ad-Hoc|x86.Build.0 = Release|Any CPU
		{11F6BBFD-2388-4452-9A82-02FD9AEBD814}.AppStore|Any CPU.ActiveCfg = Release|Any CPU
		{11F6BBFD-2388-4452-9A82-02FD9AEBD814}.AppStore|Any CPU.Build.0 = Release|Any CPU
		{11F6BBFD-2388-4452-9A82-02FD9AEBD814}.AppStore|ARM.ActiveCfg = Release|Any CPU
		{11F6BBFD-2388-4452-9A82-02FD9AEBD814}.AppStore|ARM.Build.0 = Release|Any CPU
		{11F6BBFD-2388-4452-9A82-02FD9AEBD814}.AppStore|iPhone.ActiveCfg = Release|Any CPU
		{11F6BBFD-2388-4452-9A82-02FD9AEBD814}.AppStore|iPhone.Build.0 = Release|Any CPU
		{11F6BBFD-2388-4452-9A82-02FD9AEBD814}.AppStore|iPhoneSimulator.ActiveCfg = Release|Any CPU
		{11F6BBFD-2388-4452-9A82-02FD9AEBD814}.AppStore|iPhoneSimulator.Build.0 = Release|Any CPU
		{11F6BBFD-2388-4452-9A82-02FD9AEBD814}.AppStore|x64.ActiveCfg = Release|Any CPU
		{11F6BBFD-2388-4452-9A82-02FD9AEBD814}.AppStore|x64.Build.0 = Release|Any CPU
		{11F6BBFD-2388-4452-9A82-02FD9AEBD814}.AppStore|x86.ActiveCfg = Release|Any CPU
		{11F6BBFD-2388-4452-9A82-02FD9AEBD814}.AppStore|x86.Build.0 = Release|Any CPU
		{11F6BBFD-2388-4452-9A82-02FD9AEBD814}.Debug|Any CPU.ActiveCfg = Debug|Any CPU
		{11F6BBFD-2388-4452-9A82-02FD9AEBD814}.Debug|Any CPU.Build.0 = Debug|Any CPU
		{11F6BBFD-2388-4452-9A82-02FD9AEBD814}.Debug|ARM.ActiveCfg = Debug|Any CPU
		{11F6BBFD-2388-4452-9A82-02FD9AEBD814}.Debug|ARM.Build.0 = Debug|Any CPU
		{11F6BBFD-2388-4452-9A82-02FD9AEBD814}.Debug|iPhone.ActiveCfg = Debug|Any CPU
		{11F6BBFD-2388-4452-9A82-02FD9AEBD814}.Debug|iPhone.Build.0 = Debug|Any CPU
		{11F6BBFD-2388-4452-9A82-02FD9AEBD814}.Debug|iPhoneSimulator.ActiveCfg = Debug|Any CPU
		{11F6BBFD-2388-4452-9A82-02FD9AEBD814}.Debug|iPhoneSimulator.Build.0 = Debug|Any CPU
		{11F6BBFD-2388-4452-9A82-02FD9AEBD814}.Debug|x64.ActiveCfg = Debug|Any CPU
		{11F6BBFD-2388-4452-9A82-02FD9AEBD814}.Debug|x64.Build.0 = Debug|Any CPU
		{11F6BBFD-2388-4452-9A82-02FD9AEBD814}.Debug|x86.ActiveCfg = Debug|Any CPU
		{11F6BBFD-2388-4452-9A82-02FD9AEBD814}.Debug|x86.Build.0 = Debug|Any CPU
		{11F6BBFD-2388-4452-9A82-02FD9AEBD814}.Release|Any CPU.ActiveCfg = Release|Any CPU
		{11F6BBFD-2388-4452-9A82-02FD9AEBD814}.Release|Any CPU.Build.0 = Release|Any CPU
		{11F6BBFD-2388-4452-9A82-02FD9AEBD814}.Release|ARM.ActiveCfg = Release|Any CPU
		{11F6BBFD-2388-4452-9A82-02FD9AEBD814}.Release|ARM.Build.0 = Release|Any CPU
		{11F6BBFD-2388-4452-9A82-02FD9AEBD814}.Release|iPhone.ActiveCfg = Release|Any CPU
		{11F6BBFD-2388-4452-9A82-02FD9AEBD814}.Release|iPhone.Build.0 = Release|Any CPU
		{11F6BBFD-2388-4452-9A82-02FD9AEBD814}.Release|iPhoneSimulator.ActiveCfg = Release|Any CPU
		{11F6BBFD-2388-4452-9A82-02FD9AEBD814}.Release|iPhoneSimulator.Build.0 = Release|Any CPU
		{11F6BBFD-2388-4452-9A82-02FD9AEBD814}.Release|x64.ActiveCfg = Release|Any CPU
		{11F6BBFD-2388-4452-9A82-02FD9AEBD814}.Release|x64.Build.0 = Release|Any CPU
		{11F6BBFD-2388-4452-9A82-02FD9AEBD814}.Release|x86.ActiveCfg = Release|Any CPU
		{11F6BBFD-2388-4452-9A82-02FD9AEBD814}.Release|x86.Build.0 = Release|Any CPU
		{B9062A02-BDF1-499A-99B0-099347CFE4AD}.Ad-Hoc|Any CPU.ActiveCfg = Release|x86
		{B9062A02-BDF1-499A-99B0-099347CFE4AD}.Ad-Hoc|Any CPU.Build.0 = Release|x86
		{B9062A02-BDF1-499A-99B0-099347CFE4AD}.Ad-Hoc|Any CPU.Deploy.0 = Release|x86
		{B9062A02-BDF1-499A-99B0-099347CFE4AD}.Ad-Hoc|ARM.ActiveCfg = Release|ARM
		{B9062A02-BDF1-499A-99B0-099347CFE4AD}.Ad-Hoc|ARM.Build.0 = Release|ARM
		{B9062A02-BDF1-499A-99B0-099347CFE4AD}.Ad-Hoc|ARM.Deploy.0 = Release|ARM
		{B9062A02-BDF1-499A-99B0-099347CFE4AD}.Ad-Hoc|iPhone.ActiveCfg = Release|x86
		{B9062A02-BDF1-499A-99B0-099347CFE4AD}.Ad-Hoc|iPhone.Build.0 = Release|x86
		{B9062A02-BDF1-499A-99B0-099347CFE4AD}.Ad-Hoc|iPhone.Deploy.0 = Release|x86
		{B9062A02-BDF1-499A-99B0-099347CFE4AD}.Ad-Hoc|iPhoneSimulator.ActiveCfg = Release|x86
		{B9062A02-BDF1-499A-99B0-099347CFE4AD}.Ad-Hoc|iPhoneSimulator.Build.0 = Release|x86
		{B9062A02-BDF1-499A-99B0-099347CFE4AD}.Ad-Hoc|iPhoneSimulator.Deploy.0 = Release|x86
		{B9062A02-BDF1-499A-99B0-099347CFE4AD}.Ad-Hoc|x64.ActiveCfg = Release|x64
		{B9062A02-BDF1-499A-99B0-099347CFE4AD}.Ad-Hoc|x64.Build.0 = Release|x64
		{B9062A02-BDF1-499A-99B0-099347CFE4AD}.Ad-Hoc|x64.Deploy.0 = Release|x64
		{B9062A02-BDF1-499A-99B0-099347CFE4AD}.Ad-Hoc|x86.ActiveCfg = Release|x86
		{B9062A02-BDF1-499A-99B0-099347CFE4AD}.Ad-Hoc|x86.Build.0 = Release|x86
		{B9062A02-BDF1-499A-99B0-099347CFE4AD}.Ad-Hoc|x86.Deploy.0 = Release|x86
		{B9062A02-BDF1-499A-99B0-099347CFE4AD}.AppStore|Any CPU.ActiveCfg = Release|x86
		{B9062A02-BDF1-499A-99B0-099347CFE4AD}.AppStore|Any CPU.Build.0 = Release|x86
		{B9062A02-BDF1-499A-99B0-099347CFE4AD}.AppStore|Any CPU.Deploy.0 = Release|x86
		{B9062A02-BDF1-499A-99B0-099347CFE4AD}.AppStore|ARM.ActiveCfg = Release|ARM
		{B9062A02-BDF1-499A-99B0-099347CFE4AD}.AppStore|ARM.Build.0 = Release|ARM
		{B9062A02-BDF1-499A-99B0-099347CFE4AD}.AppStore|ARM.Deploy.0 = Release|ARM
		{B9062A02-BDF1-499A-99B0-099347CFE4AD}.AppStore|iPhone.ActiveCfg = Release|x86
		{B9062A02-BDF1-499A-99B0-099347CFE4AD}.AppStore|iPhone.Build.0 = Release|x86
		{B9062A02-BDF1-499A-99B0-099347CFE4AD}.AppStore|iPhone.Deploy.0 = Release|x86
		{B9062A02-BDF1-499A-99B0-099347CFE4AD}.AppStore|iPhoneSimulator.ActiveCfg = Release|x86
		{B9062A02-BDF1-499A-99B0-099347CFE4AD}.AppStore|iPhoneSimulator.Build.0 = Release|x86
		{B9062A02-BDF1-499A-99B0-099347CFE4AD}.AppStore|iPhoneSimulator.Deploy.0 = Release|x86
		{B9062A02-BDF1-499A-99B0-099347CFE4AD}.AppStore|x64.ActiveCfg = Release|x64
		{B9062A02-BDF1-499A-99B0-099347CFE4AD}.AppStore|x64.Build.0 = Release|x64
		{B9062A02-BDF1-499A-99B0-099347CFE4AD}.AppStore|x64.Deploy.0 = Release|x64
		{B9062A02-BDF1-499A-99B0-099347CFE4AD}.AppStore|x86.ActiveCfg = Release|x86
		{B9062A02-BDF1-499A-99B0-099347CFE4AD}.AppStore|x86.Build.0 = Release|x86
		{B9062A02-BDF1-499A-99B0-099347CFE4AD}.AppStore|x86.Deploy.0 = Release|x86
		{B9062A02-BDF1-499A-99B0-099347CFE4AD}.Debug|Any CPU.ActiveCfg = Debug|x86
		{B9062A02-BDF1-499A-99B0-099347CFE4AD}.Debug|ARM.ActiveCfg = Debug|ARM
		{B9062A02-BDF1-499A-99B0-099347CFE4AD}.Debug|ARM.Build.0 = Debug|ARM
		{B9062A02-BDF1-499A-99B0-099347CFE4AD}.Debug|ARM.Deploy.0 = Debug|ARM
		{B9062A02-BDF1-499A-99B0-099347CFE4AD}.Debug|iPhone.ActiveCfg = Debug|x86
		{B9062A02-BDF1-499A-99B0-099347CFE4AD}.Debug|iPhoneSimulator.ActiveCfg = Debug|x86
		{B9062A02-BDF1-499A-99B0-099347CFE4AD}.Debug|x64.ActiveCfg = Debug|x64
		{B9062A02-BDF1-499A-99B0-099347CFE4AD}.Debug|x64.Build.0 = Debug|x64
		{B9062A02-BDF1-499A-99B0-099347CFE4AD}.Debug|x64.Deploy.0 = Debug|x64
		{B9062A02-BDF1-499A-99B0-099347CFE4AD}.Debug|x86.ActiveCfg = Debug|x86
		{B9062A02-BDF1-499A-99B0-099347CFE4AD}.Debug|x86.Build.0 = Debug|x86
		{B9062A02-BDF1-499A-99B0-099347CFE4AD}.Debug|x86.Deploy.0 = Debug|x86
		{B9062A02-BDF1-499A-99B0-099347CFE4AD}.Release|Any CPU.ActiveCfg = Release|x86
		{B9062A02-BDF1-499A-99B0-099347CFE4AD}.Release|ARM.ActiveCfg = Release|ARM
		{B9062A02-BDF1-499A-99B0-099347CFE4AD}.Release|ARM.Build.0 = Release|ARM
		{B9062A02-BDF1-499A-99B0-099347CFE4AD}.Release|ARM.Deploy.0 = Release|ARM
		{B9062A02-BDF1-499A-99B0-099347CFE4AD}.Release|iPhone.ActiveCfg = Release|x86
		{B9062A02-BDF1-499A-99B0-099347CFE4AD}.Release|iPhoneSimulator.ActiveCfg = Release|x86
		{B9062A02-BDF1-499A-99B0-099347CFE4AD}.Release|x64.ActiveCfg = Release|x64
		{B9062A02-BDF1-499A-99B0-099347CFE4AD}.Release|x64.Build.0 = Release|x64
		{B9062A02-BDF1-499A-99B0-099347CFE4AD}.Release|x64.Deploy.0 = Release|x64
		{B9062A02-BDF1-499A-99B0-099347CFE4AD}.Release|x86.ActiveCfg = Release|x86
		{B9062A02-BDF1-499A-99B0-099347CFE4AD}.Release|x86.Build.0 = Release|x86
		{B9062A02-BDF1-499A-99B0-099347CFE4AD}.Release|x86.Deploy.0 = Release|x86
		{E84B5EEE-D8DE-4125-A6EF-D4C4D0E22E0D}.Ad-Hoc|Any CPU.ActiveCfg = Ad-Hoc|iPhone
		{E84B5EEE-D8DE-4125-A6EF-D4C4D0E22E0D}.Ad-Hoc|ARM.ActiveCfg = Ad-Hoc|iPhone
		{E84B5EEE-D8DE-4125-A6EF-D4C4D0E22E0D}.Ad-Hoc|iPhone.ActiveCfg = Ad-Hoc|iPhone
		{E84B5EEE-D8DE-4125-A6EF-D4C4D0E22E0D}.Ad-Hoc|iPhone.Build.0 = Ad-Hoc|iPhone
		{E84B5EEE-D8DE-4125-A6EF-D4C4D0E22E0D}.Ad-Hoc|iPhoneSimulator.ActiveCfg = Ad-Hoc|iPhoneSimulator
		{E84B5EEE-D8DE-4125-A6EF-D4C4D0E22E0D}.Ad-Hoc|iPhoneSimulator.Build.0 = Ad-Hoc|iPhoneSimulator
		{E84B5EEE-D8DE-4125-A6EF-D4C4D0E22E0D}.Ad-Hoc|x64.ActiveCfg = Ad-Hoc|iPhone
		{E84B5EEE-D8DE-4125-A6EF-D4C4D0E22E0D}.Ad-Hoc|x86.ActiveCfg = Ad-Hoc|iPhone
		{E84B5EEE-D8DE-4125-A6EF-D4C4D0E22E0D}.AppStore|Any CPU.ActiveCfg = AppStore|iPhone
		{E84B5EEE-D8DE-4125-A6EF-D4C4D0E22E0D}.AppStore|ARM.ActiveCfg = AppStore|iPhone
		{E84B5EEE-D8DE-4125-A6EF-D4C4D0E22E0D}.AppStore|iPhone.ActiveCfg = AppStore|iPhone
		{E84B5EEE-D8DE-4125-A6EF-D4C4D0E22E0D}.AppStore|iPhone.Build.0 = AppStore|iPhone
		{E84B5EEE-D8DE-4125-A6EF-D4C4D0E22E0D}.AppStore|iPhoneSimulator.ActiveCfg = AppStore|iPhoneSimulator
		{E84B5EEE-D8DE-4125-A6EF-D4C4D0E22E0D}.AppStore|iPhoneSimulator.Build.0 = AppStore|iPhoneSimulator
		{E84B5EEE-D8DE-4125-A6EF-D4C4D0E22E0D}.AppStore|x64.ActiveCfg = AppStore|iPhone
		{E84B5EEE-D8DE-4125-A6EF-D4C4D0E22E0D}.AppStore|x86.ActiveCfg = AppStore|iPhone
		{E84B5EEE-D8DE-4125-A6EF-D4C4D0E22E0D}.Debug|Any CPU.ActiveCfg = Debug|iPhone
		{E84B5EEE-D8DE-4125-A6EF-D4C4D0E22E0D}.Debug|ARM.ActiveCfg = Debug|iPhone
		{E84B5EEE-D8DE-4125-A6EF-D4C4D0E22E0D}.Debug|iPhone.ActiveCfg = Debug|iPhone
		{E84B5EEE-D8DE-4125-A6EF-D4C4D0E22E0D}.Debug|iPhone.Build.0 = Debug|iPhone
		{E84B5EEE-D8DE-4125-A6EF-D4C4D0E22E0D}.Debug|iPhoneSimulator.ActiveCfg = Debug|iPhoneSimulator
		{E84B5EEE-D8DE-4125-A6EF-D4C4D0E22E0D}.Debug|iPhoneSimulator.Build.0 = Debug|iPhoneSimulator
		{E84B5EEE-D8DE-4125-A6EF-D4C4D0E22E0D}.Debug|x64.ActiveCfg = Debug|iPhone
		{E84B5EEE-D8DE-4125-A6EF-D4C4D0E22E0D}.Debug|x86.ActiveCfg = Debug|iPhone
		{E84B5EEE-D8DE-4125-A6EF-D4C4D0E22E0D}.Release|Any CPU.ActiveCfg = Release|iPhone
		{E84B5EEE-D8DE-4125-A6EF-D4C4D0E22E0D}.Release|ARM.ActiveCfg = Release|iPhone
		{E84B5EEE-D8DE-4125-A6EF-D4C4D0E22E0D}.Release|iPhone.ActiveCfg = Release|iPhone
		{E84B5EEE-D8DE-4125-A6EF-D4C4D0E22E0D}.Release|iPhone.Build.0 = Release|iPhone
		{E84B5EEE-D8DE-4125-A6EF-D4C4D0E22E0D}.Release|iPhoneSimulator.ActiveCfg = Release|iPhoneSimulator
		{E84B5EEE-D8DE-4125-A6EF-D4C4D0E22E0D}.Release|iPhoneSimulator.Build.0 = Release|iPhoneSimulator
		{E84B5EEE-D8DE-4125-A6EF-D4C4D0E22E0D}.Release|x64.ActiveCfg = Release|iPhone
		{E84B5EEE-D8DE-4125-A6EF-D4C4D0E22E0D}.Release|x86.ActiveCfg = Release|iPhone
	EndGlobalSection
	GlobalSection(SolutionProperties) = preSolution
		HideSolutionNode = FALSE
	EndGlobalSection
EndGlobal
