
Microsoft Visual Studio Solution File, Format Version 12.00
# Visual Studio 14
VisualStudioVersion = 14.0.25420.1
MinimumVisualStudioVersion = 10.0.40219.1
Project("{FAE04EC0-301F-11D3-BF4B-00C04F79EFBC}") = "Phoneword.Android", "Phoneword\Phoneword.Android\Phoneword.Android.csproj", "{CC204F93-0FB2-480E-BFF5-2A16F70B93A3}"
EndProject
Project("{FAE04EC0-301F-11D3-BF4B-00C04F79EFBC}") = "Phoneword", "Phoneword\Phoneword\Phoneword.csproj", "{0834D191-5788-4D46-A67F-E518142FD064}"
EndProject
Project("{FAE04EC0-301F-11D3-BF4B-00C04F79EFBC}") = "Phoneword.UWP", "Phoneword\Phoneword.UWP\Phoneword.UWP.csproj", "{ED0D8FFC-7841-453F-B01E-4B2B11857C13}"
EndProject
Project("{FAE04EC0-301F-11D3-BF4B-00C04F79EFBC}") = "Phoneword.iOS", "Phoneword\Phoneword.iOS\Phoneword.iOS.csproj", "{FB9BE980-9DAE-4768-8126-979AE0B92664}"
EndProject
Global
	GlobalSection(SolutionConfigurationPlatforms) = preSolution
		Ad-Hoc|Any CPU = Ad-Hoc|Any CPU
		Ad-Hoc|ARM = Ad-Hoc|ARM
		Ad-Hoc|iPhone = Ad-Hoc|iPhone
		Ad-Hoc|iPhoneSimulator = Ad-Hoc|iPhoneSimulator
		Ad-Hoc|x64 = Ad-Hoc|x64
		Ad-Hoc|x86 = Ad-Hoc|x86
		AppStore|Any CPU = AppStore|Any CPU
		AppStore|ARM = AppStore|ARM
		AppStore|iPhone = AppStore|iPhone
		AppStore|iPhoneSimulator = AppStore|iPhoneSimulator
		AppStore|x64 = AppStore|x64
		AppStore|x86 = AppStore|x86
		Debug|Any CPU = Debug|Any CPU
		Debug|ARM = Debug|ARM
		Debug|iPhone = Debug|iPhone
		Debug|iPhoneSimulator = Debug|iPhoneSimulator
		Debug|x64 = Debug|x64
		Debug|x86 = Debug|x86
		Release|Any CPU = Release|Any CPU
		Release|ARM = Release|ARM
		Release|iPhone = Release|iPhone
		Release|iPhoneSimulator = Release|iPhoneSimulator
		Release|x64 = Release|x64
		Release|x86 = Release|x86
	EndGlobalSection
	GlobalSection(ProjectConfigurationPlatforms) = postSolution
		{CC204F93-0FB2-480E-BFF5-2A16F70B93A3}.Ad-Hoc|Any CPU.ActiveCfg = Release|Any CPU
		{CC204F93-0FB2-480E-BFF5-2A16F70B93A3}.Ad-Hoc|Any CPU.Build.0 = Release|Any CPU
		{CC204F93-0FB2-480E-BFF5-2A16F70B93A3}.Ad-Hoc|Any CPU.Deploy.0 = Release|Any CPU
		{CC204F93-0FB2-480E-BFF5-2A16F70B93A3}.Ad-Hoc|ARM.ActiveCfg = Release|Any CPU
		{CC204F93-0FB2-480E-BFF5-2A16F70B93A3}.Ad-Hoc|ARM.Build.0 = Release|Any CPU
		{CC204F93-0FB2-480E-BFF5-2A16F70B93A3}.Ad-Hoc|ARM.Deploy.0 = Release|Any CPU
		{CC204F93-0FB2-480E-BFF5-2A16F70B93A3}.Ad-Hoc|iPhone.ActiveCfg = Release|Any CPU
		{CC204F93-0FB2-480E-BFF5-2A16F70B93A3}.Ad-Hoc|iPhone.Build.0 = Release|Any CPU
		{CC204F93-0FB2-480E-BFF5-2A16F70B93A3}.Ad-Hoc|iPhone.Deploy.0 = Release|Any CPU
		{CC204F93-0FB2-480E-BFF5-2A16F70B93A3}.Ad-Hoc|iPhoneSimulator.ActiveCfg = Release|Any CPU
		{CC204F93-0FB2-480E-BFF5-2A16F70B93A3}.Ad-Hoc|iPhoneSimulator.Build.0 = Release|Any CPU
		{CC204F93-0FB2-480E-BFF5-2A16F70B93A3}.Ad-Hoc|iPhoneSimulator.Deploy.0 = Release|Any CPU
		{CC204F93-0FB2-480E-BFF5-2A16F70B93A3}.Ad-Hoc|x64.ActiveCfg = Release|Any CPU
		{CC204F93-0FB2-480E-BFF5-2A16F70B93A3}.Ad-Hoc|x64.Build.0 = Release|Any CPU
		{CC204F93-0FB2-480E-BFF5-2A16F70B93A3}.Ad-Hoc|x64.Deploy.0 = Release|Any CPU
		{CC204F93-0FB2-480E-BFF5-2A16F70B93A3}.Ad-Hoc|x86.ActiveCfg = Release|Any CPU
		{CC204F93-0FB2-480E-BFF5-2A16F70B93A3}.Ad-Hoc|x86.Build.0 = Release|Any CPU
		{CC204F93-0FB2-480E-BFF5-2A16F70B93A3}.Ad-Hoc|x86.Deploy.0 = Release|Any CPU
		{CC204F93-0FB2-480E-BFF5-2A16F70B93A3}.AppStore|Any CPU.ActiveCfg = Release|Any CPU
		{CC204F93-0FB2-480E-BFF5-2A16F70B93A3}.AppStore|Any CPU.Build.0 = Release|Any CPU
		{CC204F93-0FB2-480E-BFF5-2A16F70B93A3}.AppStore|Any CPU.Deploy.0 = Release|Any CPU
		{CC204F93-0FB2-480E-BFF5-2A16F70B93A3}.AppStore|ARM.ActiveCfg = Release|Any CPU
		{CC204F93-0FB2-480E-BFF5-2A16F70B93A3}.AppStore|ARM.Build.0 = Release|Any CPU
		{CC204F93-0FB2-480E-BFF5-2A16F70B93A3}.AppStore|ARM.Deploy.0 = Release|Any CPU
		{CC204F93-0FB2-480E-BFF5-2A16F70B93A3}.AppStore|iPhone.ActiveCfg = Release|Any CPU
		{CC204F93-0FB2-480E-BFF5-2A16F70B93A3}.AppStore|iPhone.Build.0 = Release|Any CPU
		{CC204F93-0FB2-480E-BFF5-2A16F70B93A3}.AppStore|iPhone.Deploy.0 = Release|Any CPU
		{CC204F93-0FB2-480E-BFF5-2A16F70B93A3}.AppStore|iPhoneSimulator.ActiveCfg = Release|Any CPU
		{CC204F93-0FB2-480E-BFF5-2A16F70B93A3}.AppStore|iPhoneSimulator.Build.0 = Release|Any CPU
		{CC204F93-0FB2-480E-BFF5-2A16F70B93A3}.AppStore|iPhoneSimulator.Deploy.0 = Release|Any CPU
		{CC204F93-0FB2-480E-BFF5-2A16F70B93A3}.AppStore|x64.ActiveCfg = Release|Any CPU
		{CC204F93-0FB2-480E-BFF5-2A16F70B93A3}.AppStore|x64.Build.0 = Release|Any CPU
		{CC204F93-0FB2-480E-BFF5-2A16F70B93A3}.AppStore|x64.Deploy.0 = Release|Any CPU
		{CC204F93-0FB2-480E-BFF5-2A16F70B93A3}.AppStore|x86.ActiveCfg = Release|Any CPU
		{CC204F93-0FB2-480E-BFF5-2A16F70B93A3}.AppStore|x86.Build.0 = Release|Any CPU
		{CC204F93-0FB2-480E-BFF5-2A16F70B93A3}.AppStore|x86.Deploy.0 = Release|Any CPU
		{CC204F93-0FB2-480E-BFF5-2A16F70B93A3}.Debug|Any CPU.ActiveCfg = Debug|Any CPU
		{CC204F93-0FB2-480E-BFF5-2A16F70B93A3}.Debug|Any CPU.Build.0 = Debug|Any CPU
		{CC204F93-0FB2-480E-BFF5-2A16F70B93A3}.Debug|Any CPU.Deploy.0 = Debug|Any CPU
		{CC204F93-0FB2-480E-BFF5-2A16F70B93A3}.Debug|ARM.ActiveCfg = Debug|Any CPU
		{CC204F93-0FB2-480E-BFF5-2A16F70B93A3}.Debug|ARM.Build.0 = Debug|Any CPU
		{CC204F93-0FB2-480E-BFF5-2A16F70B93A3}.Debug|ARM.Deploy.0 = Debug|Any CPU
		{CC204F93-0FB2-480E-BFF5-2A16F70B93A3}.Debug|iPhone.ActiveCfg = Debug|Any CPU
		{CC204F93-0FB2-480E-BFF5-2A16F70B93A3}.Debug|iPhone.Build.0 = Debug|Any CPU
		{CC204F93-0FB2-480E-BFF5-2A16F70B93A3}.Debug|iPhone.Deploy.0 = Debug|Any CPU
		{CC204F93-0FB2-480E-BFF5-2A16F70B93A3}.Debug|iPhoneSimulator.ActiveCfg = Debug|Any CPU
		{CC204F93-0FB2-480E-BFF5-2A16F70B93A3}.Debug|iPhoneSimulator.Build.0 = Debug|Any CPU
		{CC204F93-0FB2-480E-BFF5-2A16F70B93A3}.Debug|iPhoneSimulator.Deploy.0 = Debug|Any CPU
		{CC204F93-0FB2-480E-BFF5-2A16F70B93A3}.Debug|x64.ActiveCfg = Debug|Any CPU
		{CC204F93-0FB2-480E-BFF5-2A16F70B93A3}.Debug|x64.Build.0 = Debug|Any CPU
		{CC204F93-0FB2-480E-BFF5-2A16F70B93A3}.Debug|x64.Deploy.0 = Debug|Any CPU
		{CC204F93-0FB2-480E-BFF5-2A16F70B93A3}.Debug|x86.ActiveCfg = Debug|Any CPU
		{CC204F93-0FB2-480E-BFF5-2A16F70B93A3}.Debug|x86.Build.0 = Debug|Any CPU
		{CC204F93-0FB2-480E-BFF5-2A16F70B93A3}.Debug|x86.Deploy.0 = Debug|Any CPU
		{CC204F93-0FB2-480E-BFF5-2A16F70B93A3}.Release|Any CPU.ActiveCfg = Release|Any CPU
		{CC204F93-0FB2-480E-BFF5-2A16F70B93A3}.Release|Any CPU.Build.0 = Release|Any CPU
		{CC204F93-0FB2-480E-BFF5-2A16F70B93A3}.Release|Any CPU.Deploy.0 = Release|Any CPU
		{CC204F93-0FB2-480E-BFF5-2A16F70B93A3}.Release|ARM.ActiveCfg = Release|Any CPU
		{CC204F93-0FB2-480E-BFF5-2A16F70B93A3}.Release|ARM.Build.0 = Release|Any CPU
		{CC204F93-0FB2-480E-BFF5-2A16F70B93A3}.Release|ARM.Deploy.0 = Release|Any CPU
		{CC204F93-0FB2-480E-BFF5-2A16F70B93A3}.Release|iPhone.ActiveCfg = Release|Any CPU
		{CC204F93-0FB2-480E-BFF5-2A16F70B93A3}.Release|iPhone.Build.0 = Release|Any CPU
		{CC204F93-0FB2-480E-BFF5-2A16F70B93A3}.Release|iPhone.Deploy.0 = Release|Any CPU
		{CC204F93-0FB2-480E-BFF5-2A16F70B93A3}.Release|iPhoneSimulator.ActiveCfg = Release|Any CPU
		{CC204F93-0FB2-480E-BFF5-2A16F70B93A3}.Release|iPhoneSimulator.Build.0 = Release|Any CPU
		{CC204F93-0FB2-480E-BFF5-2A16F70B93A3}.Release|iPhoneSimulator.Deploy.0 = Release|Any CPU
		{CC204F93-0FB2-480E-BFF5-2A16F70B93A3}.Release|x64.ActiveCfg = Release|Any CPU
		{CC204F93-0FB2-480E-BFF5-2A16F70B93A3}.Release|x64.Build.0 = Release|Any CPU
		{CC204F93-0FB2-480E-BFF5-2A16F70B93A3}.Release|x64.Deploy.0 = Release|Any CPU
		{CC204F93-0FB2-480E-BFF5-2A16F70B93A3}.Release|x86.ActiveCfg = Release|Any CPU
		{CC204F93-0FB2-480E-BFF5-2A16F70B93A3}.Release|x86.Build.0 = Release|Any CPU
		{CC204F93-0FB2-480E-BFF5-2A16F70B93A3}.Release|x86.Deploy.0 = Release|Any CPU
		{0834D191-5788-4D46-A67F-E518142FD064}.Ad-Hoc|Any CPU.ActiveCfg = Release|Any CPU
		{0834D191-5788-4D46-A67F-E518142FD064}.Ad-Hoc|Any CPU.Build.0 = Release|Any CPU
		{0834D191-5788-4D46-A67F-E518142FD064}.Ad-Hoc|ARM.ActiveCfg = Release|Any CPU
		{0834D191-5788-4D46-A67F-E518142FD064}.Ad-Hoc|ARM.Build.0 = Release|Any CPU
		{0834D191-5788-4D46-A67F-E518142FD064}.Ad-Hoc|iPhone.ActiveCfg = Release|Any CPU
		{0834D191-5788-4D46-A67F-E518142FD064}.Ad-Hoc|iPhone.Build.0 = Release|Any CPU
		{0834D191-5788-4D46-A67F-E518142FD064}.Ad-Hoc|iPhoneSimulator.ActiveCfg = Release|Any CPU
		{0834D191-5788-4D46-A67F-E518142FD064}.Ad-Hoc|iPhoneSimulator.Build.0 = Release|Any CPU
		{0834D191-5788-4D46-A67F-E518142FD064}.Ad-Hoc|x64.ActiveCfg = Release|Any CPU
		{0834D191-5788-4D46-A67F-E518142FD064}.Ad-Hoc|x64.Build.0 = Release|Any CPU
		{0834D191-5788-4D46-A67F-E518142FD064}.Ad-Hoc|x86.ActiveCfg = Release|Any CPU
		{0834D191-5788-4D46-A67F-E518142FD064}.Ad-Hoc|x86.Build.0 = Release|Any CPU
		{0834D191-5788-4D46-A67F-E518142FD064}.AppStore|Any CPU.ActiveCfg = Release|Any CPU
		{0834D191-5788-4D46-A67F-E518142FD064}.AppStore|Any CPU.Build.0 = Release|Any CPU
		{0834D191-5788-4D46-A67F-E518142FD064}.AppStore|ARM.ActiveCfg = Release|Any CPU
		{0834D191-5788-4D46-A67F-E518142FD064}.AppStore|ARM.Build.0 = Release|Any CPU
		{0834D191-5788-4D46-A67F-E518142FD064}.AppStore|iPhone.ActiveCfg = Release|Any CPU
		{0834D191-5788-4D46-A67F-E518142FD064}.AppStore|iPhone.Build.0 = Release|Any CPU
		{0834D191-5788-4D46-A67F-E518142FD064}.AppStore|iPhoneSimulator.ActiveCfg = Release|Any CPU
		{0834D191-5788-4D46-A67F-E518142FD064}.AppStore|iPhoneSimulator.Build.0 = Release|Any CPU
		{0834D191-5788-4D46-A67F-E518142FD064}.AppStore|x64.ActiveCfg = Release|Any CPU
		{0834D191-5788-4D46-A67F-E518142FD064}.AppStore|x64.Build.0 = Release|Any CPU
		{0834D191-5788-4D46-A67F-E518142FD064}.AppStore|x86.ActiveCfg = Release|Any CPU
		{0834D191-5788-4D46-A67F-E518142FD064}.AppStore|x86.Build.0 = Release|Any CPU
		{0834D191-5788-4D46-A67F-E518142FD064}.Debug|Any CPU.ActiveCfg = Debug|Any CPU
		{0834D191-5788-4D46-A67F-E518142FD064}.Debug|Any CPU.Build.0 = Debug|Any CPU
		{0834D191-5788-4D46-A67F-E518142FD064}.Debug|ARM.ActiveCfg = Debug|Any CPU
		{0834D191-5788-4D46-A67F-E518142FD064}.Debug|ARM.Build.0 = Debug|Any CPU
		{0834D191-5788-4D46-A67F-E518142FD064}.Debug|iPhone.ActiveCfg = Debug|Any CPU
		{0834D191-5788-4D46-A67F-E518142FD064}.Debug|iPhone.Build.0 = Debug|Any CPU
		{0834D191-5788-4D46-A67F-E518142FD064}.Debug|iPhoneSimulator.ActiveCfg = Debug|Any CPU
		{0834D191-5788-4D46-A67F-E518142FD064}.Debug|iPhoneSimulator.Build.0 = Debug|Any CPU
		{0834D191-5788-4D46-A67F-E518142FD064}.Debug|x64.ActiveCfg = Debug|Any CPU
		{0834D191-5788-4D46-A67F-E518142FD064}.Debug|x64.Build.0 = Debug|Any CPU
		{0834D191-5788-4D46-A67F-E518142FD064}.Debug|x86.ActiveCfg = Debug|Any CPU
		{0834D191-5788-4D46-A67F-E518142FD064}.Debug|x86.Build.0 = Debug|Any CPU
		{0834D191-5788-4D46-A67F-E518142FD064}.Release|Any CPU.ActiveCfg = Release|Any CPU
		{0834D191-5788-4D46-A67F-E518142FD064}.Release|Any CPU.Build.0 = Release|Any CPU
		{0834D191-5788-4D46-A67F-E518142FD064}.Release|ARM.ActiveCfg = Release|Any CPU
		{0834D191-5788-4D46-A67F-E518142FD064}.Release|ARM.Build.0 = Release|Any CPU
		{0834D191-5788-4D46-A67F-E518142FD064}.Release|iPhone.ActiveCfg = Release|Any CPU
		{0834D191-5788-4D46-A67F-E518142FD064}.Release|iPhone.Build.0 = Release|Any CPU
		{0834D191-5788-4D46-A67F-E518142FD064}.Release|iPhoneSimulator.ActiveCfg = Release|Any CPU
		{0834D191-5788-4D46-A67F-E518142FD064}.Release|iPhoneSimulator.Build.0 = Release|Any CPU
		{0834D191-5788-4D46-A67F-E518142FD064}.Release|x64.ActiveCfg = Release|Any CPU
		{0834D191-5788-4D46-A67F-E518142FD064}.Release|x64.Build.0 = Release|Any CPU
		{0834D191-5788-4D46-A67F-E518142FD064}.Release|x86.ActiveCfg = Release|Any CPU
		{0834D191-5788-4D46-A67F-E518142FD064}.Release|x86.Build.0 = Release|Any CPU
		{ED0D8FFC-7841-453F-B01E-4B2B11857C13}.Ad-Hoc|Any CPU.ActiveCfg = Release|x86
		{ED0D8FFC-7841-453F-B01E-4B2B11857C13}.Ad-Hoc|Any CPU.Build.0 = Release|x86
		{ED0D8FFC-7841-453F-B01E-4B2B11857C13}.Ad-Hoc|Any CPU.Deploy.0 = Release|x86
		{ED0D8FFC-7841-453F-B01E-4B2B11857C13}.Ad-Hoc|ARM.ActiveCfg = Release|ARM
		{ED0D8FFC-7841-453F-B01E-4B2B11857C13}.Ad-Hoc|ARM.Build.0 = Release|ARM
		{ED0D8FFC-7841-453F-B01E-4B2B11857C13}.Ad-Hoc|ARM.Deploy.0 = Release|ARM
		{ED0D8FFC-7841-453F-B01E-4B2B11857C13}.Ad-Hoc|iPhone.ActiveCfg = Release|x86
		{ED0D8FFC-7841-453F-B01E-4B2B11857C13}.Ad-Hoc|iPhone.Build.0 = Release|x86
		{ED0D8FFC-7841-453F-B01E-4B2B11857C13}.Ad-Hoc|iPhone.Deploy.0 = Release|x86
		{ED0D8FFC-7841-453F-B01E-4B2B11857C13}.Ad-Hoc|iPhoneSimulator.ActiveCfg = Release|x86
		{ED0D8FFC-7841-453F-B01E-4B2B11857C13}.Ad-Hoc|iPhoneSimulator.Build.0 = Release|x86
		{ED0D8FFC-7841-453F-B01E-4B2B11857C13}.Ad-Hoc|iPhoneSimulator.Deploy.0 = Release|x86
		{ED0D8FFC-7841-453F-B01E-4B2B11857C13}.Ad-Hoc|x64.ActiveCfg = Release|x64
		{ED0D8FFC-7841-453F-B01E-4B2B11857C13}.Ad-Hoc|x64.Build.0 = Release|x64
		{ED0D8FFC-7841-453F-B01E-4B2B11857C13}.Ad-Hoc|x64.Deploy.0 = Release|x64
		{ED0D8FFC-7841-453F-B01E-4B2B11857C13}.Ad-Hoc|x86.ActiveCfg = Release|x86
		{ED0D8FFC-7841-453F-B01E-4B2B11857C13}.Ad-Hoc|x86.Build.0 = Release|x86
		{ED0D8FFC-7841-453F-B01E-4B2B11857C13}.Ad-Hoc|x86.Deploy.0 = Release|x86
		{ED0D8FFC-7841-453F-B01E-4B2B11857C13}.AppStore|Any CPU.ActiveCfg = Release|x86
		{ED0D8FFC-7841-453F-B01E-4B2B11857C13}.AppStore|Any CPU.Build.0 = Release|x86
		{ED0D8FFC-7841-453F-B01E-4B2B11857C13}.AppStore|Any CPU.Deploy.0 = Release|x86
		{ED0D8FFC-7841-453F-B01E-4B2B11857C13}.AppStore|ARM.ActiveCfg = Release|ARM
		{ED0D8FFC-7841-453F-B01E-4B2B11857C13}.AppStore|ARM.Build.0 = Release|ARM
		{ED0D8FFC-7841-453F-B01E-4B2B11857C13}.AppStore|ARM.Deploy.0 = Release|ARM
		{ED0D8FFC-7841-453F-B01E-4B2B11857C13}.AppStore|iPhone.ActiveCfg = Release|x86
		{ED0D8FFC-7841-453F-B01E-4B2B11857C13}.AppStore|iPhone.Build.0 = Release|x86
		{ED0D8FFC-7841-453F-B01E-4B2B11857C13}.AppStore|iPhone.Deploy.0 = Release|x86
		{ED0D8FFC-7841-453F-B01E-4B2B11857C13}.AppStore|iPhoneSimulator.ActiveCfg = Release|x86
		{ED0D8FFC-7841-453F-B01E-4B2B11857C13}.AppStore|iPhoneSimulator.Build.0 = Release|x86
		{ED0D8FFC-7841-453F-B01E-4B2B11857C13}.AppStore|iPhoneSimulator.Deploy.0 = Release|x86
		{ED0D8FFC-7841-453F-B01E-4B2B11857C13}.AppStore|x64.ActiveCfg = Release|x64
		{ED0D8FFC-7841-453F-B01E-4B2B11857C13}.AppStore|x64.Build.0 = Release|x64
		{ED0D8FFC-7841-453F-B01E-4B2B11857C13}.AppStore|x64.Deploy.0 = Release|x64
		{ED0D8FFC-7841-453F-B01E-4B2B11857C13}.AppStore|x86.ActiveCfg = Release|x86
		{ED0D8FFC-7841-453F-B01E-4B2B11857C13}.AppStore|x86.Build.0 = Release|x86
		{ED0D8FFC-7841-453F-B01E-4B2B11857C13}.AppStore|x86.Deploy.0 = Release|x86
		{ED0D8FFC-7841-453F-B01E-4B2B11857C13}.Debug|Any CPU.ActiveCfg = Debug|x86
		{ED0D8FFC-7841-453F-B01E-4B2B11857C13}.Debug|ARM.ActiveCfg = Debug|ARM
		{ED0D8FFC-7841-453F-B01E-4B2B11857C13}.Debug|ARM.Build.0 = Debug|ARM
		{ED0D8FFC-7841-453F-B01E-4B2B11857C13}.Debug|ARM.Deploy.0 = Debug|ARM
		{ED0D8FFC-7841-453F-B01E-4B2B11857C13}.Debug|iPhone.ActiveCfg = Debug|x86
		{ED0D8FFC-7841-453F-B01E-4B2B11857C13}.Debug|iPhoneSimulator.ActiveCfg = Debug|x86
		{ED0D8FFC-7841-453F-B01E-4B2B11857C13}.Debug|x64.ActiveCfg = Debug|x64
		{ED0D8FFC-7841-453F-B01E-4B2B11857C13}.Debug|x64.Build.0 = Debug|x64
		{ED0D8FFC-7841-453F-B01E-4B2B11857C13}.Debug|x64.Deploy.0 = Debug|x64
		{ED0D8FFC-7841-453F-B01E-4B2B11857C13}.Debug|x86.ActiveCfg = Debug|x86
		{ED0D8FFC-7841-453F-B01E-4B2B11857C13}.Debug|x86.Build.0 = Debug|x86
		{ED0D8FFC-7841-453F-B01E-4B2B11857C13}.Debug|x86.Deploy.0 = Debug|x86
		{ED0D8FFC-7841-453F-B01E-4B2B11857C13}.Release|Any CPU.ActiveCfg = Release|x86
		{ED0D8FFC-7841-453F-B01E-4B2B11857C13}.Release|ARM.ActiveCfg = Release|ARM
		{ED0D8FFC-7841-453F-B01E-4B2B11857C13}.Release|ARM.Build.0 = Release|ARM
		{ED0D8FFC-7841-453F-B01E-4B2B11857C13}.Release|ARM.Deploy.0 = Release|ARM
		{ED0D8FFC-7841-453F-B01E-4B2B11857C13}.Release|iPhone.ActiveCfg = Release|x86
		{ED0D8FFC-7841-453F-B01E-4B2B11857C13}.Release|iPhoneSimulator.ActiveCfg = Release|x86
		{ED0D8FFC-7841-453F-B01E-4B2B11857C13}.Release|x64.ActiveCfg = Release|x64
		{ED0D8FFC-7841-453F-B01E-4B2B11857C13}.Release|x64.Build.0 = Release|x64
		{ED0D8FFC-7841-453F-B01E-4B2B11857C13}.Release|x64.Deploy.0 = Release|x64
		{ED0D8FFC-7841-453F-B01E-4B2B11857C13}.Release|x86.ActiveCfg = Release|x86
		{ED0D8FFC-7841-453F-B01E-4B2B11857C13}.Release|x86.Build.0 = Release|x86
		{ED0D8FFC-7841-453F-B01E-4B2B11857C13}.Release|x86.Deploy.0 = Release|x86
		{FB9BE980-9DAE-4768-8126-979AE0B92664}.Ad-Hoc|Any CPU.ActiveCfg = Ad-Hoc|iPhone
		{FB9BE980-9DAE-4768-8126-979AE0B92664}.Ad-Hoc|ARM.ActiveCfg = Ad-Hoc|iPhone
		{FB9BE980-9DAE-4768-8126-979AE0B92664}.Ad-Hoc|iPhone.ActiveCfg = Ad-Hoc|iPhone
		{FB9BE980-9DAE-4768-8126-979AE0B92664}.Ad-Hoc|iPhone.Build.0 = Ad-Hoc|iPhone
		{FB9BE980-9DAE-4768-8126-979AE0B92664}.Ad-Hoc|iPhoneSimulator.ActiveCfg = Ad-Hoc|iPhoneSimulator
		{FB9BE980-9DAE-4768-8126-979AE0B92664}.Ad-Hoc|iPhoneSimulator.Build.0 = Ad-Hoc|iPhoneSimulator
		{FB9BE980-9DAE-4768-8126-979AE0B92664}.Ad-Hoc|x64.ActiveCfg = Ad-Hoc|iPhone
		{FB9BE980-9DAE-4768-8126-979AE0B92664}.Ad-Hoc|x86.ActiveCfg = Ad-Hoc|iPhone
		{FB9BE980-9DAE-4768-8126-979AE0B92664}.AppStore|Any CPU.ActiveCfg = AppStore|iPhone
		{FB9BE980-9DAE-4768-8126-979AE0B92664}.AppStore|ARM.ActiveCfg = AppStore|iPhone
		{FB9BE980-9DAE-4768-8126-979AE0B92664}.AppStore|iPhone.ActiveCfg = AppStore|iPhone
		{FB9BE980-9DAE-4768-8126-979AE0B92664}.AppStore|iPhone.Build.0 = AppStore|iPhone
		{FB9BE980-9DAE-4768-8126-979AE0B92664}.AppStore|iPhoneSimulator.ActiveCfg = AppStore|iPhoneSimulator
		{FB9BE980-9DAE-4768-8126-979AE0B92664}.AppStore|iPhoneSimulator.Build.0 = AppStore|iPhoneSimulator
		{FB9BE980-9DAE-4768-8126-979AE0B92664}.AppStore|x64.ActiveCfg = AppStore|iPhone
		{FB9BE980-9DAE-4768-8126-979AE0B92664}.AppStore|x86.ActiveCfg = AppStore|iPhone
		{FB9BE980-9DAE-4768-8126-979AE0B92664}.Debug|Any CPU.ActiveCfg = Debug|iPhone
		{FB9BE980-9DAE-4768-8126-979AE0B92664}.Debug|ARM.ActiveCfg = Debug|iPhone
		{FB9BE980-9DAE-4768-8126-979AE0B92664}.Debug|iPhone.ActiveCfg = Debug|iPhone
		{FB9BE980-9DAE-4768-8126-979AE0B92664}.Debug|iPhone.Build.0 = Debug|iPhone
		{FB9BE980-9DAE-4768-8126-979AE0B92664}.Debug|iPhoneSimulator.ActiveCfg = Debug|iPhoneSimulator
		{FB9BE980-9DAE-4768-8126-979AE0B92664}.Debug|iPhoneSimulator.Build.0 = Debug|iPhoneSimulator
		{FB9BE980-9DAE-4768-8126-979AE0B92664}.Debug|x64.ActiveCfg = Debug|iPhone
		{FB9BE980-9DAE-4768-8126-979AE0B92664}.Debug|x86.ActiveCfg = Debug|iPhone
		{FB9BE980-9DAE-4768-8126-979AE0B92664}.Release|Any CPU.ActiveCfg = Release|iPhone
		{FB9BE980-9DAE-4768-8126-979AE0B92664}.Release|ARM.ActiveCfg = Release|iPhone
		{FB9BE980-9DAE-4768-8126-979AE0B92664}.Release|iPhone.ActiveCfg = Release|iPhone
		{FB9BE980-9DAE-4768-8126-979AE0B92664}.Release|iPhone.Build.0 = Release|iPhone
		{FB9BE980-9DAE-4768-8126-979AE0B92664}.Release|iPhoneSimulator.ActiveCfg = Release|iPhoneSimulator
		{FB9BE980-9DAE-4768-8126-979AE0B92664}.Release|iPhoneSimulator.Build.0 = Release|iPhoneSimulator
		{FB9BE980-9DAE-4768-8126-979AE0B92664}.Release|x64.ActiveCfg = Release|iPhone
		{FB9BE980-9DAE-4768-8126-979AE0B92664}.Release|x86.ActiveCfg = Release|iPhone
	EndGlobalSection
	GlobalSection(SolutionProperties) = preSolution
		HideSolutionNode = FALSE
	EndGlobalSection
EndGlobal
