
Microsoft Visual Studio Solution File, Format Version 12.00
# Visual Studio 14
VisualStudioVersion = 14.0.25420.1
MinimumVisualStudioVersion = 10.0.40219.1
Project("{FAE04EC0-301F-11D3-BF4B-00C04F79EFBC}") = "MyCompositeApp.Desktop", "MyCompositeApp.Desktop\MyCompositeApp.Desktop.csproj", "{2A401B82-93FF-4307-BF33-E3A22816D1D3}"
EndProject
Project("{FAE04EC0-301F-11D3-BF4B-00C04F79EFBC}") = "MenuModule", "MenuModule\MenuModule.csproj", "{315139A4-2077-4247-877F-E750730B8ACF}"
EndProject
Project("{FAE04EC0-301F-11D3-BF4B-00C04F79EFBC}") = "Common", "Common\Common.csproj", "{BA6BC465-354B-4BC6-AD89-25DBCAD126BC}"
EndProject
Project("{FAE04EC0-301F-11D3-BF4B-00C04F79EFBC}") = "StatusModule", "StatusModule\StatusModule.csproj", "{96841569-8899-4F66-A5D5-3252F72CFC1B}"
EndProject
Project("{FAE04EC0-301F-11D3-BF4B-00C04F79EFBC}") = "LogModule", "LogModule\LogModule.csproj", "{D22BD684-D59E-4A0E-B58E-8336937CF258}"
EndProject
Project("{FAE04EC0-301F-11D3-BF4B-00C04F79EFBC}") = "ModuleA", "ModuleA\ModuleA.csproj", "{205EC113-73DD-45D7-B013-100BC1CBE49B}"
EndProject
Project("{FAE04EC0-301F-11D3-BF4B-00C04F79EFBC}") = "ModuleB", "ModuleB\ModuleB.csproj", "{CD85ED87-7D91-4FAA-8F64-0B35ACC64915}"
EndProject
Global
	GlobalSection(SolutionConfigurationPlatforms) = preSolution
		Debug|Any CPU = Debug|Any CPU
		Release|Any CPU = Release|Any CPU
	EndGlobalSection
	GlobalSection(ProjectConfigurationPlatforms) = postSolution
		{2A401B82-93FF-4307-BF33-E3A22816D1D3}.Debug|Any CPU.ActiveCfg = Debug|Any CPU
		{2A401B82-93FF-4307-BF33-E3A22816D1D3}.Debug|Any CPU.Build.0 = Debug|Any CPU
		{2A401B82-93FF-4307-BF33-E3A22816D1D3}.Release|Any CPU.ActiveCfg = Release|Any CPU
		{2A401B82-93FF-4307-BF33-E3A22816D1D3}.Release|Any CPU.Build.0 = Release|Any CPU
		{315139A4-2077-4247-877F-E750730B8ACF}.Debug|Any CPU.ActiveCfg = Debug|Any CPU
		{315139A4-2077-4247-877F-E750730B8ACF}.Debug|Any CPU.Build.0 = Debug|Any CPU
		{315139A4-2077-4247-877F-E750730B8ACF}.Release|Any CPU.ActiveCfg = Release|Any CPU
		{315139A4-2077-4247-877F-E750730B8ACF}.Release|Any CPU.Build.0 = Release|Any CPU
		{BA6BC465-354B-4BC6-AD89-25DBCAD126BC}.Debug|Any CPU.ActiveCfg = Debug|Any CPU
		{BA6BC465-354B-4BC6-AD89-25DBCAD126BC}.Debug|Any CPU.Build.0 = Debug|Any CPU
		{BA6BC465-354B-4BC6-AD89-25DBCAD126BC}.Release|Any CPU.ActiveCfg = Release|Any CPU
		{BA6BC465-354B-4BC6-AD89-25DBCAD126BC}.Release|Any CPU.Build.0 = Release|Any CPU
		{96841569-8899-4F66-A5D5-3252F72CFC1B}.Debug|Any CPU.ActiveCfg = Debug|Any CPU
		{96841569-8899-4F66-A5D5-3252F72CFC1B}.Debug|Any CPU.Build.0 = Debug|Any CPU
		{96841569-8899-4F66-A5D5-3252F72CFC1B}.Release|Any CPU.ActiveCfg = Release|Any CPU
		{96841569-8899-4F66-A5D5-3252F72CFC1B}.Release|Any CPU.Build.0 = Release|Any CPU
		{D22BD684-D59E-4A0E-B58E-8336937CF258}.Debug|Any CPU.ActiveCfg = Debug|Any CPU
		{D22BD684-D59E-4A0E-B58E-8336937CF258}.Debug|Any CPU.Build.0 = Debug|Any CPU
		{D22BD684-D59E-4A0E-B58E-8336937CF258}.Release|Any CPU.ActiveCfg = Release|Any CPU
		{D22BD684-D59E-4A0E-B58E-8336937CF258}.Release|Any CPU.Build.0 = Release|Any CPU
		{205EC113-73DD-45D7-B013-100BC1CBE49B}.Debug|Any CPU.ActiveCfg = Debug|Any CPU
		{205EC113-73DD-45D7-B013-100BC1CBE49B}.Debug|Any CPU.Build.0 = Debug|Any CPU
		{205EC113-73DD-45D7-B013-100BC1CBE49B}.Release|Any CPU.ActiveCfg = Release|Any CPU
		{205EC113-73DD-45D7-B013-100BC1CBE49B}.Release|Any CPU.Build.0 = Release|Any CPU
		{CD85ED87-7D91-4FAA-8F64-0B35ACC64915}.Debug|Any CPU.ActiveCfg = Debug|Any CPU
		{CD85ED87-7D91-4FAA-8F64-0B35ACC64915}.Debug|Any CPU.Build.0 = Debug|Any CPU
		{CD85ED87-7D91-4FAA-8F64-0B35ACC64915}.Release|Any CPU.ActiveCfg = Release|Any CPU
		{CD85ED87-7D91-4FAA-8F64-0B35ACC64915}.Release|Any CPU.Build.0 = Release|Any CPU
	EndGlobalSection
	GlobalSection(SolutionProperties) = preSolution
		HideSolutionNode = FALSE
	EndGlobalSection
EndGlobal
