
Microsoft Visual Studio Solution File, Format Version 12.00
# Visual Studio 14
VisualStudioVersion = 14.0.25420.1
MinimumVisualStudioVersion = 10.0.40219.1
Project("{FAE04EC0-301F-11D3-BF4B-00C04F79EFBC}") = "Xamarin_Forms_PCL.Android", "Xamarin Forms PCL\Xamarin_Forms_PCL.Android\Xamarin_Forms_PCL.Android.csproj", "{5C6CF6F0-98B9-4502-B308-21A261086B13}"
EndProject
Project("{FAE04EC0-301F-11D3-BF4B-00C04F79EFBC}") = "Xamarin_Forms_PCL", "Xamarin Forms PCL\Xamarin_Forms_PCL\Xamarin_Forms_PCL.csproj", "{B16B826A-C199-4612-B996-7D704318B912}"
EndProject
Project("{FAE04EC0-301F-11D3-BF4B-00C04F79EFBC}") = "Xamarin_Forms_PCL.UWP", "Xamarin Forms PCL\Xamarin_Forms_PCL.UWP\Xamarin_Forms_PCL.UWP.csproj", "{895724AC-854F-4680-BCF9-7817B4386845}"
EndProject
Project("{FAE04EC0-301F-11D3-BF4B-00C04F79EFBC}") = "Xamarin_Forms_PCL.iOS", "Xamarin Forms PCL\Xamarin_Forms_PCL.iOS\Xamarin_Forms_PCL.iOS.csproj", "{1DC0EFAF-6270-4C5B-B99F-3706F89C77BF}"
EndProject
Global
	GlobalSection(SolutionConfigurationPlatforms) = preSolution
		Ad-Hoc|Any CPU = Ad-Hoc|Any CPU
		Ad-Hoc|ARM = Ad-Hoc|ARM
		Ad-Hoc|iPhone = Ad-Hoc|iPhone
		Ad-Hoc|iPhoneSimulator = Ad-Hoc|iPhoneSimulator
		Ad-Hoc|x64 = Ad-Hoc|x64
		Ad-Hoc|x86 = Ad-Hoc|x86
		AppStore|Any CPU = AppStore|Any CPU
		AppStore|ARM = AppStore|ARM
		AppStore|iPhone = AppStore|iPhone
		AppStore|iPhoneSimulator = AppStore|iPhoneSimulator
		AppStore|x64 = AppStore|x64
		AppStore|x86 = AppStore|x86
		Debug|Any CPU = Debug|Any CPU
		Debug|ARM = Debug|ARM
		Debug|iPhone = Debug|iPhone
		Debug|iPhoneSimulator = Debug|iPhoneSimulator
		Debug|x64 = Debug|x64
		Debug|x86 = Debug|x86
		Release|Any CPU = Release|Any CPU
		Release|ARM = Release|ARM
		Release|iPhone = Release|iPhone
		Release|iPhoneSimulator = Release|iPhoneSimulator
		Release|x64 = Release|x64
		Release|x86 = Release|x86
	EndGlobalSection
	GlobalSection(ProjectConfigurationPlatforms) = postSolution
		{5C6CF6F0-98B9-4502-B308-21A261086B13}.Ad-Hoc|Any CPU.ActiveCfg = Release|Any CPU
		{5C6CF6F0-98B9-4502-B308-21A261086B13}.Ad-Hoc|Any CPU.Build.0 = Release|Any CPU
		{5C6CF6F0-98B9-4502-B308-21A261086B13}.Ad-Hoc|Any CPU.Deploy.0 = Release|Any CPU
		{5C6CF6F0-98B9-4502-B308-21A261086B13}.Ad-Hoc|ARM.ActiveCfg = Release|Any CPU
		{5C6CF6F0-98B9-4502-B308-21A261086B13}.Ad-Hoc|ARM.Build.0 = Release|Any CPU
		{5C6CF6F0-98B9-4502-B308-21A261086B13}.Ad-Hoc|ARM.Deploy.0 = Release|Any CPU
		{5C6CF6F0-98B9-4502-B308-21A261086B13}.Ad-Hoc|iPhone.ActiveCfg = Release|Any CPU
		{5C6CF6F0-98B9-4502-B308-21A261086B13}.Ad-Hoc|iPhone.Build.0 = Release|Any CPU
		{5C6CF6F0-98B9-4502-B308-21A261086B13}.Ad-Hoc|iPhone.Deploy.0 = Release|Any CPU
		{5C6CF6F0-98B9-4502-B308-21A261086B13}.Ad-Hoc|iPhoneSimulator.ActiveCfg = Release|Any CPU
		{5C6CF6F0-98B9-4502-B308-21A261086B13}.Ad-Hoc|iPhoneSimulator.Build.0 = Release|Any CPU
		{5C6CF6F0-98B9-4502-B308-21A261086B13}.Ad-Hoc|iPhoneSimulator.Deploy.0 = Release|Any CPU
		{5C6CF6F0-98B9-4502-B308-21A261086B13}.Ad-Hoc|x64.ActiveCfg = Release|Any CPU
		{5C6CF6F0-98B9-4502-B308-21A261086B13}.Ad-Hoc|x64.Build.0 = Release|Any CPU
		{5C6CF6F0-98B9-4502-B308-21A261086B13}.Ad-Hoc|x64.Deploy.0 = Release|Any CPU
		{5C6CF6F0-98B9-4502-B308-21A261086B13}.Ad-Hoc|x86.ActiveCfg = Release|Any CPU
		{5C6CF6F0-98B9-4502-B308-21A261086B13}.Ad-Hoc|x86.Build.0 = Release|Any CPU
		{5C6CF6F0-98B9-4502-B308-21A261086B13}.Ad-Hoc|x86.Deploy.0 = Release|Any CPU
		{5C6CF6F0-98B9-4502-B308-21A261086B13}.AppStore|Any CPU.ActiveCfg = Release|Any CPU
		{5C6CF6F0-98B9-4502-B308-21A261086B13}.AppStore|Any CPU.Build.0 = Release|Any CPU
		{5C6CF6F0-98B9-4502-B308-21A261086B13}.AppStore|Any CPU.Deploy.0 = Release|Any CPU
		{5C6CF6F0-98B9-4502-B308-21A261086B13}.AppStore|ARM.ActiveCfg = Release|Any CPU
		{5C6CF6F0-98B9-4502-B308-21A261086B13}.AppStore|ARM.Build.0 = Release|Any CPU
		{5C6CF6F0-98B9-4502-B308-21A261086B13}.AppStore|ARM.Deploy.0 = Release|Any CPU
		{5C6CF6F0-98B9-4502-B308-21A261086B13}.AppStore|iPhone.ActiveCfg = Release|Any CPU
		{5C6CF6F0-98B9-4502-B308-21A261086B13}.AppStore|iPhone.Build.0 = Release|Any CPU
		{5C6CF6F0-98B9-4502-B308-21A261086B13}.AppStore|iPhone.Deploy.0 = Release|Any CPU
		{5C6CF6F0-98B9-4502-B308-21A261086B13}.AppStore|iPhoneSimulator.ActiveCfg = Release|Any CPU
		{5C6CF6F0-98B9-4502-B308-21A261086B13}.AppStore|iPhoneSimulator.Build.0 = Release|Any CPU
		{5C6CF6F0-98B9-4502-B308-21A261086B13}.AppStore|iPhoneSimulator.Deploy.0 = Release|Any CPU
		{5C6CF6F0-98B9-4502-B308-21A261086B13}.AppStore|x64.ActiveCfg = Release|Any CPU
		{5C6CF6F0-98B9-4502-B308-21A261086B13}.AppStore|x64.Build.0 = Release|Any CPU
		{5C6CF6F0-98B9-4502-B308-21A261086B13}.AppStore|x64.Deploy.0 = Release|Any CPU
		{5C6CF6F0-98B9-4502-B308-21A261086B13}.AppStore|x86.ActiveCfg = Release|Any CPU
		{5C6CF6F0-98B9-4502-B308-21A261086B13}.AppStore|x86.Build.0 = Release|Any CPU
		{5C6CF6F0-98B9-4502-B308-21A261086B13}.AppStore|x86.Deploy.0 = Release|Any CPU
		{5C6CF6F0-98B9-4502-B308-21A261086B13}.Debug|Any CPU.ActiveCfg = Debug|Any CPU
		{5C6CF6F0-98B9-4502-B308-21A261086B13}.Debug|Any CPU.Build.0 = Debug|Any CPU
		{5C6CF6F0-98B9-4502-B308-21A261086B13}.Debug|Any CPU.Deploy.0 = Debug|Any CPU
		{5C6CF6F0-98B9-4502-B308-21A261086B13}.Debug|ARM.ActiveCfg = Debug|Any CPU
		{5C6CF6F0-98B9-4502-B308-21A261086B13}.Debug|ARM.Build.0 = Debug|Any CPU
		{5C6CF6F0-98B9-4502-B308-21A261086B13}.Debug|ARM.Deploy.0 = Debug|Any CPU
		{5C6CF6F0-98B9-4502-B308-21A261086B13}.Debug|iPhone.ActiveCfg = Debug|Any CPU
		{5C6CF6F0-98B9-4502-B308-21A261086B13}.Debug|iPhone.Build.0 = Debug|Any CPU
		{5C6CF6F0-98B9-4502-B308-21A261086B13}.Debug|iPhone.Deploy.0 = Debug|Any CPU
		{5C6CF6F0-98B9-4502-B308-21A261086B13}.Debug|iPhoneSimulator.ActiveCfg = Debug|Any CPU
		{5C6CF6F0-98B9-4502-B308-21A261086B13}.Debug|iPhoneSimulator.Build.0 = Debug|Any CPU
		{5C6CF6F0-98B9-4502-B308-21A261086B13}.Debug|iPhoneSimulator.Deploy.0 = Debug|Any CPU
		{5C6CF6F0-98B9-4502-B308-21A261086B13}.Debug|x64.ActiveCfg = Debug|Any CPU
		{5C6CF6F0-98B9-4502-B308-21A261086B13}.Debug|x64.Build.0 = Debug|Any CPU
		{5C6CF6F0-98B9-4502-B308-21A261086B13}.Debug|x64.Deploy.0 = Debug|Any CPU
		{5C6CF6F0-98B9-4502-B308-21A261086B13}.Debug|x86.ActiveCfg = Debug|Any CPU
		{5C6CF6F0-98B9-4502-B308-21A261086B13}.Debug|x86.Build.0 = Debug|Any CPU
		{5C6CF6F0-98B9-4502-B308-21A261086B13}.Debug|x86.Deploy.0 = Debug|Any CPU
		{5C6CF6F0-98B9-4502-B308-21A261086B13}.Release|Any CPU.ActiveCfg = Release|Any CPU
		{5C6CF6F0-98B9-4502-B308-21A261086B13}.Release|Any CPU.Build.0 = Release|Any CPU
		{5C6CF6F0-98B9-4502-B308-21A261086B13}.Release|Any CPU.Deploy.0 = Release|Any CPU
		{5C6CF6F0-98B9-4502-B308-21A261086B13}.Release|ARM.ActiveCfg = Release|Any CPU
		{5C6CF6F0-98B9-4502-B308-21A261086B13}.Release|ARM.Build.0 = Release|Any CPU
		{5C6CF6F0-98B9-4502-B308-21A261086B13}.Release|ARM.Deploy.0 = Release|Any CPU
		{5C6CF6F0-98B9-4502-B308-21A261086B13}.Release|iPhone.ActiveCfg = Release|Any CPU
		{5C6CF6F0-98B9-4502-B308-21A261086B13}.Release|iPhone.Build.0 = Release|Any CPU
		{5C6CF6F0-98B9-4502-B308-21A261086B13}.Release|iPhone.Deploy.0 = Release|Any CPU
		{5C6CF6F0-98B9-4502-B308-21A261086B13}.Release|iPhoneSimulator.ActiveCfg = Release|Any CPU
		{5C6CF6F0-98B9-4502-B308-21A261086B13}.Release|iPhoneSimulator.Build.0 = Release|Any CPU
		{5C6CF6F0-98B9-4502-B308-21A261086B13}.Release|iPhoneSimulator.Deploy.0 = Release|Any CPU
		{5C6CF6F0-98B9-4502-B308-21A261086B13}.Release|x64.ActiveCfg = Release|Any CPU
		{5C6CF6F0-98B9-4502-B308-21A261086B13}.Release|x64.Build.0 = Release|Any CPU
		{5C6CF6F0-98B9-4502-B308-21A261086B13}.Release|x64.Deploy.0 = Release|Any CPU
		{5C6CF6F0-98B9-4502-B308-21A261086B13}.Release|x86.ActiveCfg = Release|Any CPU
		{5C6CF6F0-98B9-4502-B308-21A261086B13}.Release|x86.Build.0 = Release|Any CPU
		{5C6CF6F0-98B9-4502-B308-21A261086B13}.Release|x86.Deploy.0 = Release|Any CPU
		{B16B826A-C199-4612-B996-7D704318B912}.Ad-Hoc|Any CPU.ActiveCfg = Release|Any CPU
		{B16B826A-C199-4612-B996-7D704318B912}.Ad-Hoc|Any CPU.Build.0 = Release|Any CPU
		{B16B826A-C199-4612-B996-7D704318B912}.Ad-Hoc|ARM.ActiveCfg = Release|Any CPU
		{B16B826A-C199-4612-B996-7D704318B912}.Ad-Hoc|ARM.Build.0 = Release|Any CPU
		{B16B826A-C199-4612-B996-7D704318B912}.Ad-Hoc|iPhone.ActiveCfg = Release|Any CPU
		{B16B826A-C199-4612-B996-7D704318B912}.Ad-Hoc|iPhone.Build.0 = Release|Any CPU
		{B16B826A-C199-4612-B996-7D704318B912}.Ad-Hoc|iPhoneSimulator.ActiveCfg = Release|Any CPU
		{B16B826A-C199-4612-B996-7D704318B912}.Ad-Hoc|iPhoneSimulator.Build.0 = Release|Any CPU
		{B16B826A-C199-4612-B996-7D704318B912}.Ad-Hoc|x64.ActiveCfg = Release|Any CPU
		{B16B826A-C199-4612-B996-7D704318B912}.Ad-Hoc|x64.Build.0 = Release|Any CPU
		{B16B826A-C199-4612-B996-7D704318B912}.Ad-Hoc|x86.ActiveCfg = Release|Any CPU
		{B16B826A-C199-4612-B996-7D704318B912}.Ad-Hoc|x86.Build.0 = Release|Any CPU
		{B16B826A-C199-4612-B996-7D704318B912}.AppStore|Any CPU.ActiveCfg = Release|Any CPU
		{B16B826A-C199-4612-B996-7D704318B912}.AppStore|Any CPU.Build.0 = Release|Any CPU
		{B16B826A-C199-4612-B996-7D704318B912}.AppStore|ARM.ActiveCfg = Release|Any CPU
		{B16B826A-C199-4612-B996-7D704318B912}.AppStore|ARM.Build.0 = Release|Any CPU
		{B16B826A-C199-4612-B996-7D704318B912}.AppStore|iPhone.ActiveCfg = Release|Any CPU
		{B16B826A-C199-4612-B996-7D704318B912}.AppStore|iPhone.Build.0 = Release|Any CPU
		{B16B826A-C199-4612-B996-7D704318B912}.AppStore|iPhoneSimulator.ActiveCfg = Release|Any CPU
		{B16B826A-C199-4612-B996-7D704318B912}.AppStore|iPhoneSimulator.Build.0 = Release|Any CPU
		{B16B826A-C199-4612-B996-7D704318B912}.AppStore|x64.ActiveCfg = Release|Any CPU
		{B16B826A-C199-4612-B996-7D704318B912}.AppStore|x64.Build.0 = Release|Any CPU
		{B16B826A-C199-4612-B996-7D704318B912}.AppStore|x86.ActiveCfg = Release|Any CPU
		{B16B826A-C199-4612-B996-7D704318B912}.AppStore|x86.Build.0 = Release|Any CPU
		{B16B826A-C199-4612-B996-7D704318B912}.Debug|Any CPU.ActiveCfg = Debug|Any CPU
		{B16B826A-C199-4612-B996-7D704318B912}.Debug|Any CPU.Build.0 = Debug|Any CPU
		{B16B826A-C199-4612-B996-7D704318B912}.Debug|ARM.ActiveCfg = Debug|Any CPU
		{B16B826A-C199-4612-B996-7D704318B912}.Debug|ARM.Build.0 = Debug|Any CPU
		{B16B826A-C199-4612-B996-7D704318B912}.Debug|iPhone.ActiveCfg = Debug|Any CPU
		{B16B826A-C199-4612-B996-7D704318B912}.Debug|iPhone.Build.0 = Debug|Any CPU
		{B16B826A-C199-4612-B996-7D704318B912}.Debug|iPhoneSimulator.ActiveCfg = Debug|Any CPU
		{B16B826A-C199-4612-B996-7D704318B912}.Debug|iPhoneSimulator.Build.0 = Debug|Any CPU
		{B16B826A-C199-4612-B996-7D704318B912}.Debug|x64.ActiveCfg = Debug|Any CPU
		{B16B826A-C199-4612-B996-7D704318B912}.Debug|x64.Build.0 = Debug|Any CPU
		{B16B826A-C199-4612-B996-7D704318B912}.Debug|x86.ActiveCfg = Debug|Any CPU
		{B16B826A-C199-4612-B996-7D704318B912}.Debug|x86.Build.0 = Debug|Any CPU
		{B16B826A-C199-4612-B996-7D704318B912}.Release|Any CPU.ActiveCfg = Release|Any CPU
		{B16B826A-C199-4612-B996-7D704318B912}.Release|Any CPU.Build.0 = Release|Any CPU
		{B16B826A-C199-4612-B996-7D704318B912}.Release|ARM.ActiveCfg = Release|Any CPU
		{B16B826A-C199-4612-B996-7D704318B912}.Release|ARM.Build.0 = Release|Any CPU
		{B16B826A-C199-4612-B996-7D704318B912}.Release|iPhone.ActiveCfg = Release|Any CPU
		{B16B826A-C199-4612-B996-7D704318B912}.Release|iPhone.Build.0 = Release|Any CPU
		{B16B826A-C199-4612-B996-7D704318B912}.Release|iPhoneSimulator.ActiveCfg = Release|Any CPU
		{B16B826A-C199-4612-B996-7D704318B912}.Release|iPhoneSimulator.Build.0 = Release|Any CPU
		{B16B826A-C199-4612-B996-7D704318B912}.Release|x64.ActiveCfg = Release|Any CPU
		{B16B826A-C199-4612-B996-7D704318B912}.Release|x64.Build.0 = Release|Any CPU
		{B16B826A-C199-4612-B996-7D704318B912}.Release|x86.ActiveCfg = Release|Any CPU
		{B16B826A-C199-4612-B996-7D704318B912}.Release|x86.Build.0 = Release|Any CPU
		{895724AC-854F-4680-BCF9-7817B4386845}.Ad-Hoc|Any CPU.ActiveCfg = Release|x86
		{895724AC-854F-4680-BCF9-7817B4386845}.Ad-Hoc|Any CPU.Build.0 = Release|x86
		{895724AC-854F-4680-BCF9-7817B4386845}.Ad-Hoc|Any CPU.Deploy.0 = Release|x86
		{895724AC-854F-4680-BCF9-7817B4386845}.Ad-Hoc|ARM.ActiveCfg = Release|ARM
		{895724AC-854F-4680-BCF9-7817B4386845}.Ad-Hoc|ARM.Build.0 = Release|ARM
		{895724AC-854F-4680-BCF9-7817B4386845}.Ad-Hoc|ARM.Deploy.0 = Release|ARM
		{895724AC-854F-4680-BCF9-7817B4386845}.Ad-Hoc|iPhone.ActiveCfg = Release|x86
		{895724AC-854F-4680-BCF9-7817B4386845}.Ad-Hoc|iPhone.Build.0 = Release|x86
		{895724AC-854F-4680-BCF9-7817B4386845}.Ad-Hoc|iPhone.Deploy.0 = Release|x86
		{895724AC-854F-4680-BCF9-7817B4386845}.Ad-Hoc|iPhoneSimulator.ActiveCfg = Release|x86
		{895724AC-854F-4680-BCF9-7817B4386845}.Ad-Hoc|iPhoneSimulator.Build.0 = Release|x86
		{895724AC-854F-4680-BCF9-7817B4386845}.Ad-Hoc|iPhoneSimulator.Deploy.0 = Release|x86
		{895724AC-854F-4680-BCF9-7817B4386845}.Ad-Hoc|x64.ActiveCfg = Release|x64
		{895724AC-854F-4680-BCF9-7817B4386845}.Ad-Hoc|x64.Build.0 = Release|x64
		{895724AC-854F-4680-BCF9-7817B4386845}.Ad-Hoc|x64.Deploy.0 = Release|x64
		{895724AC-854F-4680-BCF9-7817B4386845}.Ad-Hoc|x86.ActiveCfg = Release|x86
		{895724AC-854F-4680-BCF9-7817B4386845}.Ad-Hoc|x86.Build.0 = Release|x86
		{895724AC-854F-4680-BCF9-7817B4386845}.Ad-Hoc|x86.Deploy.0 = Release|x86
		{895724AC-854F-4680-BCF9-7817B4386845}.AppStore|Any CPU.ActiveCfg = Release|x86
		{895724AC-854F-4680-BCF9-7817B4386845}.AppStore|Any CPU.Build.0 = Release|x86
		{895724AC-854F-4680-BCF9-7817B4386845}.AppStore|Any CPU.Deploy.0 = Release|x86
		{895724AC-854F-4680-BCF9-7817B4386845}.AppStore|ARM.ActiveCfg = Release|ARM
		{895724AC-854F-4680-BCF9-7817B4386845}.AppStore|ARM.Build.0 = Release|ARM
		{895724AC-854F-4680-BCF9-7817B4386845}.AppStore|ARM.Deploy.0 = Release|ARM
		{895724AC-854F-4680-BCF9-7817B4386845}.AppStore|iPhone.ActiveCfg = Release|x86
		{895724AC-854F-4680-BCF9-7817B4386845}.AppStore|iPhone.Build.0 = Release|x86
		{895724AC-854F-4680-BCF9-7817B4386845}.AppStore|iPhone.Deploy.0 = Release|x86
		{895724AC-854F-4680-BCF9-7817B4386845}.AppStore|iPhoneSimulator.ActiveCfg = Release|x86
		{895724AC-854F-4680-BCF9-7817B4386845}.AppStore|iPhoneSimulator.Build.0 = Release|x86
		{895724AC-854F-4680-BCF9-7817B4386845}.AppStore|iPhoneSimulator.Deploy.0 = Release|x86
		{895724AC-854F-4680-BCF9-7817B4386845}.AppStore|x64.ActiveCfg = Release|x64
		{895724AC-854F-4680-BCF9-7817B4386845}.AppStore|x64.Build.0 = Release|x64
		{895724AC-854F-4680-BCF9-7817B4386845}.AppStore|x64.Deploy.0 = Release|x64
		{895724AC-854F-4680-BCF9-7817B4386845}.AppStore|x86.ActiveCfg = Release|x86
		{895724AC-854F-4680-BCF9-7817B4386845}.AppStore|x86.Build.0 = Release|x86
		{895724AC-854F-4680-BCF9-7817B4386845}.AppStore|x86.Deploy.0 = Release|x86
		{895724AC-854F-4680-BCF9-7817B4386845}.Debug|Any CPU.ActiveCfg = Debug|x86
		{895724AC-854F-4680-BCF9-7817B4386845}.Debug|ARM.ActiveCfg = Debug|ARM
		{895724AC-854F-4680-BCF9-7817B4386845}.Debug|ARM.Build.0 = Debug|ARM
		{895724AC-854F-4680-BCF9-7817B4386845}.Debug|ARM.Deploy.0 = Debug|ARM
		{895724AC-854F-4680-BCF9-7817B4386845}.Debug|iPhone.ActiveCfg = Debug|x86
		{895724AC-854F-4680-BCF9-7817B4386845}.Debug|iPhoneSimulator.ActiveCfg = Debug|x86
		{895724AC-854F-4680-BCF9-7817B4386845}.Debug|x64.ActiveCfg = Debug|x64
		{895724AC-854F-4680-BCF9-7817B4386845}.Debug|x64.Build.0 = Debug|x64
		{895724AC-854F-4680-BCF9-7817B4386845}.Debug|x64.Deploy.0 = Debug|x64
		{895724AC-854F-4680-BCF9-7817B4386845}.Debug|x86.ActiveCfg = Debug|x86
		{895724AC-854F-4680-BCF9-7817B4386845}.Debug|x86.Build.0 = Debug|x86
		{895724AC-854F-4680-BCF9-7817B4386845}.Debug|x86.Deploy.0 = Debug|x86
		{895724AC-854F-4680-BCF9-7817B4386845}.Release|Any CPU.ActiveCfg = Release|x86
		{895724AC-854F-4680-BCF9-7817B4386845}.Release|ARM.ActiveCfg = Release|ARM
		{895724AC-854F-4680-BCF9-7817B4386845}.Release|ARM.Build.0 = Release|ARM
		{895724AC-854F-4680-BCF9-7817B4386845}.Release|ARM.Deploy.0 = Release|ARM
		{895724AC-854F-4680-BCF9-7817B4386845}.Release|iPhone.ActiveCfg = Release|x86
		{895724AC-854F-4680-BCF9-7817B4386845}.Release|iPhoneSimulator.ActiveCfg = Release|x86
		{895724AC-854F-4680-BCF9-7817B4386845}.Release|x64.ActiveCfg = Release|x64
		{895724AC-854F-4680-BCF9-7817B4386845}.Release|x64.Build.0 = Release|x64
		{895724AC-854F-4680-BCF9-7817B4386845}.Release|x64.Deploy.0 = Release|x64
		{895724AC-854F-4680-BCF9-7817B4386845}.Release|x86.ActiveCfg = Release|x86
		{895724AC-854F-4680-BCF9-7817B4386845}.Release|x86.Build.0 = Release|x86
		{895724AC-854F-4680-BCF9-7817B4386845}.Release|x86.Deploy.0 = Release|x86
		{1DC0EFAF-6270-4C5B-B99F-3706F89C77BF}.Ad-Hoc|Any CPU.ActiveCfg = Ad-Hoc|iPhone
		{1DC0EFAF-6270-4C5B-B99F-3706F89C77BF}.Ad-Hoc|ARM.ActiveCfg = Ad-Hoc|iPhone
		{1DC0EFAF-6270-4C5B-B99F-3706F89C77BF}.Ad-Hoc|iPhone.ActiveCfg = Ad-Hoc|iPhone
		{1DC0EFAF-6270-4C5B-B99F-3706F89C77BF}.Ad-Hoc|iPhone.Build.0 = Ad-Hoc|iPhone
		{1DC0EFAF-6270-4C5B-B99F-3706F89C77BF}.Ad-Hoc|iPhoneSimulator.ActiveCfg = Ad-Hoc|iPhoneSimulator
		{1DC0EFAF-6270-4C5B-B99F-3706F89C77BF}.Ad-Hoc|iPhoneSimulator.Build.0 = Ad-Hoc|iPhoneSimulator
		{1DC0EFAF-6270-4C5B-B99F-3706F89C77BF}.Ad-Hoc|x64.ActiveCfg = Ad-Hoc|iPhone
		{1DC0EFAF-6270-4C5B-B99F-3706F89C77BF}.Ad-Hoc|x86.ActiveCfg = Ad-Hoc|iPhone
		{1DC0EFAF-6270-4C5B-B99F-3706F89C77BF}.AppStore|Any CPU.ActiveCfg = AppStore|iPhone
		{1DC0EFAF-6270-4C5B-B99F-3706F89C77BF}.AppStore|ARM.ActiveCfg = AppStore|iPhone
		{1DC0EFAF-6270-4C5B-B99F-3706F89C77BF}.AppStore|iPhone.ActiveCfg = AppStore|iPhone
		{1DC0EFAF-6270-4C5B-B99F-3706F89C77BF}.AppStore|iPhone.Build.0 = AppStore|iPhone
		{1DC0EFAF-6270-4C5B-B99F-3706F89C77BF}.AppStore|iPhoneSimulator.ActiveCfg = AppStore|iPhoneSimulator
		{1DC0EFAF-6270-4C5B-B99F-3706F89C77BF}.AppStore|iPhoneSimulator.Build.0 = AppStore|iPhoneSimulator
		{1DC0EFAF-6270-4C5B-B99F-3706F89C77BF}.AppStore|x64.ActiveCfg = AppStore|iPhone
		{1DC0EFAF-6270-4C5B-B99F-3706F89C77BF}.AppStore|x86.ActiveCfg = AppStore|iPhone
		{1DC0EFAF-6270-4C5B-B99F-3706F89C77BF}.Debug|Any CPU.ActiveCfg = Debug|iPhone
		{1DC0EFAF-6270-4C5B-B99F-3706F89C77BF}.Debug|ARM.ActiveCfg = Debug|iPhone
		{1DC0EFAF-6270-4C5B-B99F-3706F89C77BF}.Debug|iPhone.ActiveCfg = Debug|iPhone
		{1DC0EFAF-6270-4C5B-B99F-3706F89C77BF}.Debug|iPhone.Build.0 = Debug|iPhone
		{1DC0EFAF-6270-4C5B-B99F-3706F89C77BF}.Debug|iPhoneSimulator.ActiveCfg = Debug|iPhoneSimulator
		{1DC0EFAF-6270-4C5B-B99F-3706F89C77BF}.Debug|iPhoneSimulator.Build.0 = Debug|iPhoneSimulator
		{1DC0EFAF-6270-4C5B-B99F-3706F89C77BF}.Debug|x64.ActiveCfg = Debug|iPhone
		{1DC0EFAF-6270-4C5B-B99F-3706F89C77BF}.Debug|x86.ActiveCfg = Debug|iPhone
		{1DC0EFAF-6270-4C5B-B99F-3706F89C77BF}.Release|Any CPU.ActiveCfg = Release|iPhone
		{1DC0EFAF-6270-4C5B-B99F-3706F89C77BF}.Release|ARM.ActiveCfg = Release|iPhone
		{1DC0EFAF-6270-4C5B-B99F-3706F89C77BF}.Release|iPhone.ActiveCfg = Release|iPhone
		{1DC0EFAF-6270-4C5B-B99F-3706F89C77BF}.Release|iPhone.Build.0 = Release|iPhone
		{1DC0EFAF-6270-4C5B-B99F-3706F89C77BF}.Release|iPhoneSimulator.ActiveCfg = Release|iPhoneSimulator
		{1DC0EFAF-6270-4C5B-B99F-3706F89C77BF}.Release|iPhoneSimulator.Build.0 = Release|iPhoneSimulator
		{1DC0EFAF-6270-4C5B-B99F-3706F89C77BF}.Release|x64.ActiveCfg = Release|iPhone
		{1DC0EFAF-6270-4C5B-B99F-3706F89C77BF}.Release|x86.ActiveCfg = Release|iPhone
	EndGlobalSection
	GlobalSection(SolutionProperties) = preSolution
		HideSolutionNode = FALSE
	EndGlobalSection
EndGlobal
